
Microsoft Visual Studio Solution File, Format Version 12.00
# Visual Studio 14
VisualStudioVersion = 14.0.25420.1
MinimumVisualStudioVersion = 10.0.40219.1
Project("{8BC9CEB8-8B4A-11D0-8D11-00A0C91BC942}") = "Prj01", "Prj01\Prj01.vcxproj", "{BE9877D7-330A-4CE7-80EF-349AF54819B6}"
EndProject
Project("{8BC9CEB8-8B4A-11D0-8D11-00A0C91BC942}") = "Prj02", "Prj02\Prj02.vcxproj", "{C46B8370-53A2-4797-97DF-2BD6BAC89BF6}"
EndProject
Project("{8BC9CEB8-8B4A-11D0-8D11-00A0C91BC942}") = "Prj03", "Prj03\Prj03.vcxproj", "{63B54540-A292-45A7-9DE8-D96E2B29EED3}"
EndProject
Project("{8BC9CEB8-8B4A-11D0-8D11-00A0C91BC942}") = "Prj04", "Prj04\Prj04.vcxproj", "{96988652-DBC8-4A40-8F11-E6BD756DCE39}"
EndProject
Project("{8BC9CEB8-8B4A-11D0-8D11-00A0C91BC942}") = "Prj05", "Prj05\Prj05.vcxproj", "{B9ED76C5-4F70-495A-9425-87BCDC53957D}"
EndProject
Project("{8BC9CEB8-8B4A-11D0-8D11-00A0C91BC942}") = "Prj06", "Prj06\Prj06.vcxproj", "{12A36354-5472-4B1F-A934-DE04FBD63DD2}"
EndProject
Project("{8BC9CEB8-8B4A-11D0-8D11-00A0C91BC942}") = "Prj07", "Prj07\Prj07.vcxproj", "{E9E47874-0E11-4EE2-B3DA-64EC55925BEE}"
EndProject
Project("{8BC9CEB8-8B4A-11D0-8D11-00A0C91BC942}") = "Prj08", "Prj08\Prj08.vcxproj", "{0A184A0A-8A92-4348-B007-78C67FA6C93F}"
EndProject
Project("{8BC9CEB8-8B4A-11D0-8D11-00A0C91BC942}") = "Prj09", "Prj09\Prj09.vcxproj", "{0F0D2D41-583F-42ED-9CF9-17EAE70FDD93}"
EndProject
Project("{8BC9CEB8-8B4A-11D0-8D11-00A0C91BC942}") = "Prj10", "Prj10\Prj10.vcxproj", "{62A28BE9-B5AF-4B2E-824F-72ED37489661}"
EndProject
Project("{8BC9CEB8-8B4A-11D0-8D11-00A0C91BC942}") = "Prj11", "Prj11\Prj11.vcxproj", "{92757CBA-4FFA-41CA-980F-F83966A1CC8A}"
EndProject
Project("{8BC9CEB8-8B4A-11D0-8D11-00A0C91BC942}") = "Prj12", "Prj12\Prj12.vcxproj", "{8BBB55CF-0831-4DA9-8A4C-044AE88F44C1}"
EndProject
Project("{8BC9CEB8-8B4A-11D0-8D11-00A0C91BC942}") = "Prj13", "Prj13\Prj13.vcxproj", "{81852E0A-64EE-4EF2-BD00-C37D089CE34F}"
EndProject
Project("{8BC9CEB8-8B4A-11D0-8D11-00A0C91BC942}") = "Prj14", "Prj14\Prj14.vcxproj", "{3B2FDDAE-9E61-4906-A5EE-74FB29017EAD}"
EndProject
Project("{8BC9CEB8-8B4A-11D0-8D11-00A0C91BC942}") = "Prj15", "Prj15\Prj15.vcxproj", "{BDB7E7E1-7267-4DC2-B79B-C35AD57EF2B7}"
EndProject
Project("{8BC9CEB8-8B4A-11D0-8D11-00A0C91BC942}") = "Prj16", "Prj16\Prj16.vcxproj", "{17977491-9977-44BB-BCA7-3D041765C6D9}"
EndProject
Project("{8BC9CEB8-8B4A-11D0-8D11-00A0C91BC942}") = "Prj17", "Prj17\Prj17.vcxproj", "{69A22076-360D-42B8-9F5E-90F338C5B22F}"
EndProject
Project("{8BC9CEB8-8B4A-11D0-8D11-00A0C91BC942}") = "Prj18", "Prj18\Prj18.vcxproj", "{A2CE51E9-6443-486A-A364-3831ED168DA5}"
EndProject
Project("{8BC9CEB8-8B4A-11D0-8D11-00A0C91BC942}") = "Prj19", "Prj19\Prj19.vcxproj", "{0254DE38-CA57-423E-A0B9-B5FF3502370D}"
EndProject
Project("{8BC9CEB8-8B4A-11D0-8D11-00A0C91BC942}") = "Lab7-1", "Lab7-1\Lab7-1.vcxproj", "{E20A539D-22F9-4775-9C72-FC3E5387746A}"
EndProject
Project("{8BC9CEB8-8B4A-11D0-8D11-00A0C91BC942}") = "Lab7-2", "Lab7-2\Lab7-2.vcxproj", "{DFD23AF4-F336-4F1A-906A-62443235953A}"
EndProject
Project("{8BC9CEB8-8B4A-11D0-8D11-00A0C91BC942}") = "Lab7-3", "Lab7-3\Lab7-3.vcxproj", "{D7C77B54-6F24-46EC-A259-56C508E511A8}"
EndProject
Global
	GlobalSection(SolutionConfigurationPlatforms) = preSolution
		Debug|x64 = Debug|x64
		Debug|x86 = Debug|x86
		Release|x64 = Release|x64
		Release|x86 = Release|x86
	EndGlobalSection
	GlobalSection(ProjectConfigurationPlatforms) = postSolution
		{BE9877D7-330A-4CE7-80EF-349AF54819B6}.Debug|x64.ActiveCfg = Debug|x64
		{BE9877D7-330A-4CE7-80EF-349AF54819B6}.Debug|x64.Build.0 = Debug|x64
		{BE9877D7-330A-4CE7-80EF-349AF54819B6}.Debug|x86.ActiveCfg = Debug|Win32
		{BE9877D7-330A-4CE7-80EF-349AF54819B6}.Debug|x86.Build.0 = Debug|Win32
		{BE9877D7-330A-4CE7-80EF-349AF54819B6}.Release|x64.ActiveCfg = Release|x64
		{BE9877D7-330A-4CE7-80EF-349AF54819B6}.Release|x64.Build.0 = Release|x64
		{BE9877D7-330A-4CE7-80EF-349AF54819B6}.Release|x86.ActiveCfg = Release|Win32
		{BE9877D7-330A-4CE7-80EF-349AF54819B6}.Release|x86.Build.0 = Release|Win32
		{C46B8370-53A2-4797-97DF-2BD6BAC89BF6}.Debug|x64.ActiveCfg = Debug|x64
		{C46B8370-53A2-4797-97DF-2BD6BAC89BF6}.Debug|x64.Build.0 = Debug|x64
		{C46B8370-53A2-4797-97DF-2BD6BAC89BF6}.Debug|x86.ActiveCfg = Debug|Win32
		{C46B8370-53A2-4797-97DF-2BD6BAC89BF6}.Debug|x86.Build.0 = Debug|Win32
		{C46B8370-53A2-4797-97DF-2BD6BAC89BF6}.Release|x64.ActiveCfg = Release|x64
		{C46B8370-53A2-4797-97DF-2BD6BAC89BF6}.Release|x64.Build.0 = Release|x64
		{C46B8370-53A2-4797-97DF-2BD6BAC89BF6}.Release|x86.ActiveCfg = Release|Win32
		{C46B8370-53A2-4797-97DF-2BD6BAC89BF6}.Release|x86.Build.0 = Release|Win32
		{63B54540-A292-45A7-9DE8-D96E2B29EED3}.Debug|x64.ActiveCfg = Debug|x64
		{63B54540-A292-45A7-9DE8-D96E2B29EED3}.Debug|x64.Build.0 = Debug|x64
		{63B54540-A292-45A7-9DE8-D96E2B29EED3}.Debug|x86.ActiveCfg = Debug|Win32
		{63B54540-A292-45A7-9DE8-D96E2B29EED3}.Debug|x86.Build.0 = Debug|Win32
		{63B54540-A292-45A7-9DE8-D96E2B29EED3}.Release|x64.ActiveCfg = Release|x64
		{63B54540-A292-45A7-9DE8-D96E2B29EED3}.Release|x64.Build.0 = Release|x64
		{63B54540-A292-45A7-9DE8-D96E2B29EED3}.Release|x86.ActiveCfg = Release|Win32
		{63B54540-A292-45A7-9DE8-D96E2B29EED3}.Release|x86.Build.0 = Release|Win32
		{96988652-DBC8-4A40-8F11-E6BD756DCE39}.Debug|x64.ActiveCfg = Debug|x64
		{96988652-DBC8-4A40-8F11-E6BD756DCE39}.Debug|x64.Build.0 = Debug|x64
		{96988652-DBC8-4A40-8F11-E6BD756DCE39}.Debug|x86.ActiveCfg = Debug|Win32
		{96988652-DBC8-4A40-8F11-E6BD756DCE39}.Debug|x86.Build.0 = Debug|Win32
		{96988652-DBC8-4A40-8F11-E6BD756DCE39}.Release|x64.ActiveCfg = Release|x64
		{96988652-DBC8-4A40-8F11-E6BD756DCE39}.Release|x64.Build.0 = Release|x64
		{96988652-DBC8-4A40-8F11-E6BD756DCE39}.Release|x86.ActiveCfg = Release|Win32
		{96988652-DBC8-4A40-8F11-E6BD756DCE39}.Release|x86.Build.0 = Release|Win32
		{B9ED76C5-4F70-495A-9425-87BCDC53957D}.Debug|x64.ActiveCfg = Debug|x64
		{B9ED76C5-4F70-495A-9425-87BCDC53957D}.Debug|x64.Build.0 = Debug|x64
		{B9ED76C5-4F70-495A-9425-87BCDC53957D}.Debug|x86.ActiveCfg = Debug|Win32
		{B9ED76C5-4F70-495A-9425-87BCDC53957D}.Debug|x86.Build.0 = Debug|Win32
		{B9ED76C5-4F70-495A-9425-87BCDC53957D}.Release|x64.ActiveCfg = Release|x64
		{B9ED76C5-4F70-495A-9425-87BCDC53957D}.Release|x64.Build.0 = Release|x64
		{B9ED76C5-4F70-495A-9425-87BCDC53957D}.Release|x86.ActiveCfg = Release|Win32
		{B9ED76C5-4F70-495A-9425-87BCDC53957D}.Release|x86.Build.0 = Release|Win32
		{12A36354-5472-4B1F-A934-DE04FBD63DD2}.Debug|x64.ActiveCfg = Debug|x64
		{12A36354-5472-4B1F-A934-DE04FBD63DD2}.Debug|x64.Build.0 = Debug|x64
		{12A36354-5472-4B1F-A934-DE04FBD63DD2}.Debug|x86.ActiveCfg = Debug|Win32
		{12A36354-5472-4B1F-A934-DE04FBD63DD2}.Debug|x86.Build.0 = Debug|Win32
		{12A36354-5472-4B1F-A934-DE04FBD63DD2}.Release|x64.ActiveCfg = Release|x64
		{12A36354-5472-4B1F-A934-DE04FBD63DD2}.Release|x64.Build.0 = Release|x64
		{12A36354-5472-4B1F-A934-DE04FBD63DD2}.Release|x86.ActiveCfg = Release|Win32
		{12A36354-5472-4B1F-A934-DE04FBD63DD2}.Release|x86.Build.0 = Release|Win32
		{E9E47874-0E11-4EE2-B3DA-64EC55925BEE}.Debug|x64.ActiveCfg = Debug|x64
		{E9E47874-0E11-4EE2-B3DA-64EC55925BEE}.Debug|x64.Build.0 = Debug|x64
		{E9E47874-0E11-4EE2-B3DA-64EC55925BEE}.Debug|x86.ActiveCfg = Debug|Win32
		{E9E47874-0E11-4EE2-B3DA-64EC55925BEE}.Debug|x86.Build.0 = Debug|Win32
		{E9E47874-0E11-4EE2-B3DA-64EC55925BEE}.Release|x64.ActiveCfg = Release|x64
		{E9E47874-0E11-4EE2-B3DA-64EC55925BEE}.Release|x64.Build.0 = Release|x64
		{E9E47874-0E11-4EE2-B3DA-64EC55925BEE}.Release|x86.ActiveCfg = Release|Win32
		{E9E47874-0E11-4EE2-B3DA-64EC55925BEE}.Release|x86.Build.0 = Release|Win32
		{0A184A0A-8A92-4348-B007-78C67FA6C93F}.Debug|x64.ActiveCfg = Debug|x64
		{0A184A0A-8A92-4348-B007-78C67FA6C93F}.Debug|x64.Build.0 = Debug|x64
		{0A184A0A-8A92-4348-B007-78C67FA6C93F}.Debug|x86.ActiveCfg = Debug|Win32
		{0A184A0A-8A92-4348-B007-78C67FA6C93F}.Debug|x86.Build.0 = Debug|Win32
		{0A184A0A-8A92-4348-B007-78C67FA6C93F}.Release|x64.ActiveCfg = Release|x64
		{0A184A0A-8A92-4348-B007-78C67FA6C93F}.Release|x64.Build.0 = Release|x64
		{0A184A0A-8A92-4348-B007-78C67FA6C93F}.Release|x86.ActiveCfg = Release|Win32
		{0A184A0A-8A92-4348-B007-78C67FA6C93F}.Release|x86.Build.0 = Release|Win32
		{0F0D2D41-583F-42ED-9CF9-17EAE70FDD93}.Debug|x64.ActiveCfg = Debug|x64
		{0F0D2D41-583F-42ED-9CF9-17EAE70FDD93}.Debug|x64.Build.0 = Debug|x64
		{0F0D2D41-583F-42ED-9CF9-17EAE70FDD93}.Debug|x86.ActiveCfg = Debug|Win32
		{0F0D2D41-583F-42ED-9CF9-17EAE70FDD93}.Debug|x86.Build.0 = Debug|Win32
		{0F0D2D41-583F-42ED-9CF9-17EAE70FDD93}.Release|x64.ActiveCfg = Release|x64
		{0F0D2D41-583F-42ED-9CF9-17EAE70FDD93}.Release|x64.Build.0 = Release|x64
		{0F0D2D41-583F-42ED-9CF9-17EAE70FDD93}.Release|x86.ActiveCfg = Release|Win32
		{0F0D2D41-583F-42ED-9CF9-17EAE70FDD93}.Release|x86.Build.0 = Release|Win32
		{62A28BE9-B5AF-4B2E-824F-72ED37489661}.Debug|x64.ActiveCfg = Debug|x64
		{62A28BE9-B5AF-4B2E-824F-72ED37489661}.Debug|x64.Build.0 = Debug|x64
		{62A28BE9-B5AF-4B2E-824F-72ED37489661}.Debug|x86.ActiveCfg = Debug|Win32
		{62A28BE9-B5AF-4B2E-824F-72ED37489661}.Debug|x86.Build.0 = Debug|Win32
		{62A28BE9-B5AF-4B2E-824F-72ED37489661}.Release|x64.ActiveCfg = Release|x64
		{62A28BE9-B5AF-4B2E-824F-72ED37489661}.Release|x64.Build.0 = Release|x64
		{62A28BE9-B5AF-4B2E-824F-72ED37489661}.Release|x86.ActiveCfg = Release|Win32
		{62A28BE9-B5AF-4B2E-824F-72ED37489661}.Release|x86.Build.0 = Release|Win32
		{92757CBA-4FFA-41CA-980F-F83966A1CC8A}.Debug|x64.ActiveCfg = Debug|x64
		{92757CBA-4FFA-41CA-980F-F83966A1CC8A}.Debug|x64.Build.0 = Debug|x64
		{92757CBA-4FFA-41CA-980F-F83966A1CC8A}.Debug|x86.ActiveCfg = Debug|Win32
		{92757CBA-4FFA-41CA-980F-F83966A1CC8A}.Debug|x86.Build.0 = Debug|Win32
		{92757CBA-4FFA-41CA-980F-F83966A1CC8A}.Release|x64.ActiveCfg = Release|x64
		{92757CBA-4FFA-41CA-980F-F83966A1CC8A}.Release|x64.Build.0 = Release|x64
		{92757CBA-4FFA-41CA-980F-F83966A1CC8A}.Release|x86.ActiveCfg = Release|Win32
		{92757CBA-4FFA-41CA-980F-F83966A1CC8A}.Release|x86.Build.0 = Release|Win32
		{8BBB55CF-0831-4DA9-8A4C-044AE88F44C1}.Debug|x64.ActiveCfg = Debug|x64
		{8BBB55CF-0831-4DA9-8A4C-044AE88F44C1}.Debug|x64.Build.0 = Debug|x64
		{8BBB55CF-0831-4DA9-8A4C-044AE88F44C1}.Debug|x86.ActiveCfg = Debug|Win32
		{8BBB55CF-0831-4DA9-8A4C-044AE88F44C1}.Debug|x86.Build.0 = Debug|Win32
		{8BBB55CF-0831-4DA9-8A4C-044AE88F44C1}.Release|x64.ActiveCfg = Release|x64
		{8BBB55CF-0831-4DA9-8A4C-044AE88F44C1}.Release|x64.Build.0 = Release|x64
		{8BBB55CF-0831-4DA9-8A4C-044AE88F44C1}.Release|x86.ActiveCfg = Release|Win32
		{8BBB55CF-0831-4DA9-8A4C-044AE88F44C1}.Release|x86.Build.0 = Release|Win32
		{81852E0A-64EE-4EF2-BD00-C37D089CE34F}.Debug|x64.ActiveCfg = Debug|x64
		{81852E0A-64EE-4EF2-BD00-C37D089CE34F}.Debug|x64.Build.0 = Debug|x64
		{81852E0A-64EE-4EF2-BD00-C37D089CE34F}.Debug|x86.ActiveCfg = Debug|Win32
		{81852E0A-64EE-4EF2-BD00-C37D089CE34F}.Debug|x86.Build.0 = Debug|Win32
		{81852E0A-64EE-4EF2-BD00-C37D089CE34F}.Release|x64.ActiveCfg = Release|x64
		{81852E0A-64EE-4EF2-BD00-C37D089CE34F}.Release|x64.Build.0 = Release|x64
		{81852E0A-64EE-4EF2-BD00-C37D089CE34F}.Release|x86.ActiveCfg = Release|Win32
		{81852E0A-64EE-4EF2-BD00-C37D089CE34F}.Release|x86.Build.0 = Release|Win32
		{3B2FDDAE-9E61-4906-A5EE-74FB29017EAD}.Debug|x64.ActiveCfg = Debug|x64
		{3B2FDDAE-9E61-4906-A5EE-74FB29017EAD}.Debug|x64.Build.0 = Debug|x64
		{3B2FDDAE-9E61-4906-A5EE-74FB29017EAD}.Debug|x86.ActiveCfg = Debug|Win32
		{3B2FDDAE-9E61-4906-A5EE-74FB29017EAD}.Debug|x86.Build.0 = Debug|Win32
		{3B2FDDAE-9E61-4906-A5EE-74FB29017EAD}.Release|x64.ActiveCfg = Release|x64
		{3B2FDDAE-9E61-4906-A5EE-74FB29017EAD}.Release|x64.Build.0 = Release|x64
		{3B2FDDAE-9E61-4906-A5EE-74FB29017EAD}.Release|x86.ActiveCfg = Release|Win32
		{3B2FDDAE-9E61-4906-A5EE-74FB29017EAD}.Release|x86.Build.0 = Release|Win32
		{BDB7E7E1-7267-4DC2-B79B-C35AD57EF2B7}.Debug|x64.ActiveCfg = Debug|x64
		{BDB7E7E1-7267-4DC2-B79B-C35AD57EF2B7}.Debug|x64.Build.0 = Debug|x64
		{BDB7E7E1-7267-4DC2-B79B-C35AD57EF2B7}.Debug|x86.ActiveCfg = Debug|Win32
		{BDB7E7E1-7267-4DC2-B79B-C35AD57EF2B7}.Debug|x86.Build.0 = Debug|Win32
		{BDB7E7E1-7267-4DC2-B79B-C35AD57EF2B7}.Release|x64.ActiveCfg = Release|x64
		{BDB7E7E1-7267-4DC2-B79B-C35AD57EF2B7}.Release|x64.Build.0 = Release|x64
		{BDB7E7E1-7267-4DC2-B79B-C35AD57EF2B7}.Release|x86.ActiveCfg = Release|Win32
		{BDB7E7E1-7267-4DC2-B79B-C35AD57EF2B7}.Release|x86.Build.0 = Release|Win32
		{17977491-9977-44BB-BCA7-3D041765C6D9}.Debug|x64.ActiveCfg = Debug|x64
		{17977491-9977-44BB-BCA7-3D041765C6D9}.Debug|x64.Build.0 = Debug|x64
		{17977491-9977-44BB-BCA7-3D041765C6D9}.Debug|x86.ActiveCfg = Debug|Win32
		{17977491-9977-44BB-BCA7-3D041765C6D9}.Debug|x86.Build.0 = Debug|Win32
		{17977491-9977-44BB-BCA7-3D041765C6D9}.Release|x64.ActiveCfg = Release|x64
		{17977491-9977-44BB-BCA7-3D041765C6D9}.Release|x64.Build.0 = Release|x64
		{17977491-9977-44BB-BCA7-3D041765C6D9}.Release|x86.ActiveCfg = Release|Win32
		{17977491-9977-44BB-BCA7-3D041765C6D9}.Release|x86.Build.0 = Release|Win32
		{69A22076-360D-42B8-9F5E-90F338C5B22F}.Debug|x64.ActiveCfg = Debug|x64
		{69A22076-360D-42B8-9F5E-90F338C5B22F}.Debug|x64.Build.0 = Debug|x64
		{69A22076-360D-42B8-9F5E-90F338C5B22F}.Debug|x86.ActiveCfg = Debug|Win32
		{69A22076-360D-42B8-9F5E-90F338C5B22F}.Debug|x86.Build.0 = Debug|Win32
		{69A22076-360D-42B8-9F5E-90F338C5B22F}.Release|x64.ActiveCfg = Release|x64
		{69A22076-360D-42B8-9F5E-90F338C5B22F}.Release|x64.Build.0 = Release|x64
		{69A22076-360D-42B8-9F5E-90F338C5B22F}.Release|x86.ActiveCfg = Release|Win32
		{69A22076-360D-42B8-9F5E-90F338C5B22F}.Release|x86.Build.0 = Release|Win32
		{A2CE51E9-6443-486A-A364-3831ED168DA5}.Debug|x64.ActiveCfg = Debug|x64
		{A2CE51E9-6443-486A-A364-3831ED168DA5}.Debug|x64.Build.0 = Debug|x64
		{A2CE51E9-6443-486A-A364-3831ED168DA5}.Debug|x86.ActiveCfg = Debug|Win32
		{A2CE51E9-6443-486A-A364-3831ED168DA5}.Debug|x86.Build.0 = Debug|Win32
		{A2CE51E9-6443-486A-A364-3831ED168DA5}.Release|x64.ActiveCfg = Release|x64
		{A2CE51E9-6443-486A-A364-3831ED168DA5}.Release|x64.Build.0 = Release|x64
		{A2CE51E9-6443-486A-A364-3831ED168DA5}.Release|x86.ActiveCfg = Release|Win32
		{A2CE51E9-6443-486A-A364-3831ED168DA5}.Release|x86.Build.0 = Release|Win32
		{0254DE38-CA57-423E-A0B9-B5FF3502370D}.Debug|x64.ActiveCfg = Debug|x64
		{0254DE38-CA57-423E-A0B9-B5FF3502370D}.Debug|x64.Build.0 = Debug|x64
		{0254DE38-CA57-423E-A0B9-B5FF3502370D}.Debug|x86.ActiveCfg = Debug|Win32
		{0254DE38-CA57-423E-A0B9-B5FF3502370D}.Debug|x86.Build.0 = Debug|Win32
		{0254DE38-CA57-423E-A0B9-B5FF3502370D}.Release|x64.ActiveCfg = Release|x64
		{0254DE38-CA57-423E-A0B9-B5FF3502370D}.Release|x64.Build.0 = Release|x64
		{0254DE38-CA57-423E-A0B9-B5FF3502370D}.Release|x86.ActiveCfg = Release|Win32
		{0254DE38-CA57-423E-A0B9-B5FF3502370D}.Release|x86.Build.0 = Release|Win32
		{E20A539D-22F9-4775-9C72-FC3E5387746A}.Debug|x64.ActiveCfg = Debug|x64
		{E20A539D-22F9-4775-9C72-FC3E5387746A}.Debug|x64.Build.0 = Debug|x64
		{E20A539D-22F9-4775-9C72-FC3E5387746A}.Debug|x86.ActiveCfg = Debug|Win32
		{E20A539D-22F9-4775-9C72-FC3E5387746A}.Debug|x86.Build.0 = Debug|Win32
		{E20A539D-22F9-4775-9C72-FC3E5387746A}.Release|x64.ActiveCfg = Release|x64
		{E20A539D-22F9-4775-9C72-FC3E5387746A}.Release|x64.Build.0 = Release|x64
		{E20A539D-22F9-4775-9C72-FC3E5387746A}.Release|x86.ActiveCfg = Release|Win32
		{E20A539D-22F9-4775-9C72-FC3E5387746A}.Release|x86.Build.0 = Release|Win32
		{DFD23AF4-F336-4F1A-906A-62443235953A}.Debug|x64.ActiveCfg = Debug|x64
		{DFD23AF4-F336-4F1A-906A-62443235953A}.Debug|x64.Build.0 = Debug|x64
		{DFD23AF4-F336-4F1A-906A-62443235953A}.Debug|x86.ActiveCfg = Debug|Win32
		{DFD23AF4-F336-4F1A-906A-62443235953A}.Debug|x86.Build.0 = Debug|Win32
		{DFD23AF4-F336-4F1A-906A-62443235953A}.Release|x64.ActiveCfg = Release|x64
		{DFD23AF4-F336-4F1A-906A-62443235953A}.Release|x64.Build.0 = Release|x64
		{DFD23AF4-F336-4F1A-906A-62443235953A}.Release|x86.ActiveCfg = Release|Win32
		{DFD23AF4-F336-4F1A-906A-62443235953A}.Release|x86.Build.0 = Release|Win32
		{D7C77B54-6F24-46EC-A259-56C508E511A8}.Debug|x64.ActiveCfg = Debug|x64
		{D7C77B54-6F24-46EC-A259-56C508E511A8}.Debug|x64.Build.0 = Debug|x64
		{D7C77B54-6F24-46EC-A259-56C508E511A8}.Debug|x86.ActiveCfg = Debug|Win32
		{D7C77B54-6F24-46EC-A259-56C508E511A8}.Debug|x86.Build.0 = Debug|Win32
		{D7C77B54-6F24-46EC-A259-56C508E511A8}.Release|x64.ActiveCfg = Release|x64
		{D7C77B54-6F24-46EC-A259-56C508E511A8}.Release|x64.Build.0 = Release|x64
		{D7C77B54-6F24-46EC-A259-56C508E511A8}.Release|x86.ActiveCfg = Release|Win32
		{D7C77B54-6F24-46EC-A259-56C508E511A8}.Release|x86.Build.0 = Release|Win32
	EndGlobalSection
	GlobalSection(SolutionProperties) = preSolution
		HideSolutionNode = FALSE
	EndGlobalSection
EndGlobal
