
Microsoft Visual Studio Solution File, Format Version 12.00
# Visual Studio 14
VisualStudioVersion = 14.0.25420.1
MinimumVisualStudioVersion = 10.0.40219.1
Project("{8BC9CEB8-8B4A-11D0-8D11-00A0C91BC942}") = "Prj01", "Prj01\Prj01.vcxproj", "{D13A5551-D003-44B3-99C6-4E88810C0E6B}"
EndProject
Project("{8BC9CEB8-8B4A-11D0-8D11-00A0C91BC942}") = "Prj02", "Prj02\Prj02.vcxproj", "{32950074-138D-4900-8A1E-C08452F2AFA1}"
EndProject
Project("{8BC9CEB8-8B4A-11D0-8D11-00A0C91BC942}") = "Lab4-1", "Lab4-1\Lab4-1.vcxproj", "{166491F0-1F2C-4402-AA03-797ED0380979}"
EndProject
Project("{8BC9CEB8-8B4A-11D0-8D11-00A0C91BC942}") = "Prj03", "Prj03\Prj03.vcxproj", "{A2F8B63D-7FBF-433F-A6FD-ADDA970D896A}"
EndProject
Project("{8BC9CEB8-8B4A-11D0-8D11-00A0C91BC942}") = "Prj04", "Prj04\Prj04.vcxproj", "{5527C73C-ABC0-40F7-85ED-8B41CD797A5D}"
EndProject
Project("{8BC9CEB8-8B4A-11D0-8D11-00A0C91BC942}") = "Prj05", "Prj05\Prj05.vcxproj", "{C48B110F-5F88-40E8-ABB1-15B6AEA45FE5}"
EndProject
Project("{8BC9CEB8-8B4A-11D0-8D11-00A0C91BC942}") = "Prj06", "Prj06\Prj06.vcxproj", "{9A078C83-A92A-45E9-9666-A080D7D0D523}"
EndProject
Project("{8BC9CEB8-8B4A-11D0-8D11-00A0C91BC942}") = "Prj07", "Prj07\Prj07.vcxproj", "{AB0DD2FD-0C04-4C32-B98B-2A334293FC1F}"
EndProject
Project("{8BC9CEB8-8B4A-11D0-8D11-00A0C91BC942}") = "Prj08", "Prj08\Prj08.vcxproj", "{CE6FE83F-0622-4F93-9207-010D40A87829}"
EndProject
Project("{8BC9CEB8-8B4A-11D0-8D11-00A0C91BC942}") = "Lab4-2", "Lab4-2\Lab4-2.vcxproj", "{4D4C289D-CABD-4642-BAA4-F5143DBADAB2}"
EndProject
Project("{8BC9CEB8-8B4A-11D0-8D11-00A0C91BC942}") = "Prj09", "Prj09\Prj09.vcxproj", "{4FD9F615-2DC4-4C08-AB2E-61D48225ED48}"
EndProject
Project("{8BC9CEB8-8B4A-11D0-8D11-00A0C91BC942}") = "Prj10", "Prj10\Prj10.vcxproj", "{3972CB6F-DC10-434C-A642-BB3BBC7C73E0}"
EndProject
Project("{8BC9CEB8-8B4A-11D0-8D11-00A0C91BC942}") = "Prj11", "Prj11\Prj11.vcxproj", "{5C6CF0C9-1A07-4F7C-97B9-0F01BDA684DD}"
EndProject
Project("{8BC9CEB8-8B4A-11D0-8D11-00A0C91BC942}") = "Prj12", "Prj12\Prj12.vcxproj", "{E6975EAE-3836-4675-A22C-2C762F74AC98}"
EndProject
Project("{8BC9CEB8-8B4A-11D0-8D11-00A0C91BC942}") = "Prj13", "Prj13\Prj13.vcxproj", "{E6070EA2-653F-4A19-9A57-468C920C2633}"
EndProject
Project("{8BC9CEB8-8B4A-11D0-8D11-00A0C91BC942}") = "Lab4-3", "Lab4-3\Lab4-3.vcxproj", "{C17AD4F4-660A-453D-A434-9F041ADAFD75}"
EndProject
Global
	GlobalSection(SolutionConfigurationPlatforms) = preSolution
		Debug|x64 = Debug|x64
		Debug|x86 = Debug|x86
		Release|x64 = Release|x64
		Release|x86 = Release|x86
	EndGlobalSection
	GlobalSection(ProjectConfigurationPlatforms) = postSolution
		{D13A5551-D003-44B3-99C6-4E88810C0E6B}.Debug|x64.ActiveCfg = Debug|x64
		{D13A5551-D003-44B3-99C6-4E88810C0E6B}.Debug|x64.Build.0 = Debug|x64
		{D13A5551-D003-44B3-99C6-4E88810C0E6B}.Debug|x86.ActiveCfg = Debug|Win32
		{D13A5551-D003-44B3-99C6-4E88810C0E6B}.Debug|x86.Build.0 = Debug|Win32
		{D13A5551-D003-44B3-99C6-4E88810C0E6B}.Release|x64.ActiveCfg = Release|x64
		{D13A5551-D003-44B3-99C6-4E88810C0E6B}.Release|x64.Build.0 = Release|x64
		{D13A5551-D003-44B3-99C6-4E88810C0E6B}.Release|x86.ActiveCfg = Release|Win32
		{D13A5551-D003-44B3-99C6-4E88810C0E6B}.Release|x86.Build.0 = Release|Win32
		{32950074-138D-4900-8A1E-C08452F2AFA1}.Debug|x64.ActiveCfg = Debug|x64
		{32950074-138D-4900-8A1E-C08452F2AFA1}.Debug|x64.Build.0 = Debug|x64
		{32950074-138D-4900-8A1E-C08452F2AFA1}.Debug|x86.ActiveCfg = Debug|Win32
		{32950074-138D-4900-8A1E-C08452F2AFA1}.Debug|x86.Build.0 = Debug|Win32
		{32950074-138D-4900-8A1E-C08452F2AFA1}.Release|x64.ActiveCfg = Release|x64
		{32950074-138D-4900-8A1E-C08452F2AFA1}.Release|x64.Build.0 = Release|x64
		{32950074-138D-4900-8A1E-C08452F2AFA1}.Release|x86.ActiveCfg = Release|Win32
		{32950074-138D-4900-8A1E-C08452F2AFA1}.Release|x86.Build.0 = Release|Win32
		{166491F0-1F2C-4402-AA03-797ED0380979}.Debug|x64.ActiveCfg = Debug|x64
		{166491F0-1F2C-4402-AA03-797ED0380979}.Debug|x64.Build.0 = Debug|x64
		{166491F0-1F2C-4402-AA03-797ED0380979}.Debug|x86.ActiveCfg = Debug|Win32
		{166491F0-1F2C-4402-AA03-797ED0380979}.Debug|x86.Build.0 = Debug|Win32
		{166491F0-1F2C-4402-AA03-797ED0380979}.Release|x64.ActiveCfg = Release|x64
		{166491F0-1F2C-4402-AA03-797ED0380979}.Release|x64.Build.0 = Release|x64
		{166491F0-1F2C-4402-AA03-797ED0380979}.Release|x86.ActiveCfg = Release|Win32
		{166491F0-1F2C-4402-AA03-797ED0380979}.Release|x86.Build.0 = Release|Win32
		{A2F8B63D-7FBF-433F-A6FD-ADDA970D896A}.Debug|x64.ActiveCfg = Debug|x64
		{A2F8B63D-7FBF-433F-A6FD-ADDA970D896A}.Debug|x64.Build.0 = Debug|x64
		{A2F8B63D-7FBF-433F-A6FD-ADDA970D896A}.Debug|x86.ActiveCfg = Debug|Win32
		{A2F8B63D-7FBF-433F-A6FD-ADDA970D896A}.Debug|x86.Build.0 = Debug|Win32
		{A2F8B63D-7FBF-433F-A6FD-ADDA970D896A}.Release|x64.ActiveCfg = Release|x64
		{A2F8B63D-7FBF-433F-A6FD-ADDA970D896A}.Release|x64.Build.0 = Release|x64
		{A2F8B63D-7FBF-433F-A6FD-ADDA970D896A}.Release|x86.ActiveCfg = Release|Win32
		{A2F8B63D-7FBF-433F-A6FD-ADDA970D896A}.Release|x86.Build.0 = Release|Win32
		{5527C73C-ABC0-40F7-85ED-8B41CD797A5D}.Debug|x64.ActiveCfg = Debug|x64
		{5527C73C-ABC0-40F7-85ED-8B41CD797A5D}.Debug|x64.Build.0 = Debug|x64
		{5527C73C-ABC0-40F7-85ED-8B41CD797A5D}.Debug|x86.ActiveCfg = Debug|Win32
		{5527C73C-ABC0-40F7-85ED-8B41CD797A5D}.Debug|x86.Build.0 = Debug|Win32
		{5527C73C-ABC0-40F7-85ED-8B41CD797A5D}.Release|x64.ActiveCfg = Release|x64
		{5527C73C-ABC0-40F7-85ED-8B41CD797A5D}.Release|x64.Build.0 = Release|x64
		{5527C73C-ABC0-40F7-85ED-8B41CD797A5D}.Release|x86.ActiveCfg = Release|Win32
		{5527C73C-ABC0-40F7-85ED-8B41CD797A5D}.Release|x86.Build.0 = Release|Win32
		{C48B110F-5F88-40E8-ABB1-15B6AEA45FE5}.Debug|x64.ActiveCfg = Debug|x64
		{C48B110F-5F88-40E8-ABB1-15B6AEA45FE5}.Debug|x64.Build.0 = Debug|x64
		{C48B110F-5F88-40E8-ABB1-15B6AEA45FE5}.Debug|x86.ActiveCfg = Debug|Win32
		{C48B110F-5F88-40E8-ABB1-15B6AEA45FE5}.Debug|x86.Build.0 = Debug|Win32
		{C48B110F-5F88-40E8-ABB1-15B6AEA45FE5}.Release|x64.ActiveCfg = Release|x64
		{C48B110F-5F88-40E8-ABB1-15B6AEA45FE5}.Release|x64.Build.0 = Release|x64
		{C48B110F-5F88-40E8-ABB1-15B6AEA45FE5}.Release|x86.ActiveCfg = Release|Win32
		{C48B110F-5F88-40E8-ABB1-15B6AEA45FE5}.Release|x86.Build.0 = Release|Win32
		{9A078C83-A92A-45E9-9666-A080D7D0D523}.Debug|x64.ActiveCfg = Debug|x64
		{9A078C83-A92A-45E9-9666-A080D7D0D523}.Debug|x64.Build.0 = Debug|x64
		{9A078C83-A92A-45E9-9666-A080D7D0D523}.Debug|x86.ActiveCfg = Debug|Win32
		{9A078C83-A92A-45E9-9666-A080D7D0D523}.Debug|x86.Build.0 = Debug|Win32
		{9A078C83-A92A-45E9-9666-A080D7D0D523}.Release|x64.ActiveCfg = Release|x64
		{9A078C83-A92A-45E9-9666-A080D7D0D523}.Release|x64.Build.0 = Release|x64
		{9A078C83-A92A-45E9-9666-A080D7D0D523}.Release|x86.ActiveCfg = Release|Win32
		{9A078C83-A92A-45E9-9666-A080D7D0D523}.Release|x86.Build.0 = Release|Win32
		{AB0DD2FD-0C04-4C32-B98B-2A334293FC1F}.Debug|x64.ActiveCfg = Debug|x64
		{AB0DD2FD-0C04-4C32-B98B-2A334293FC1F}.Debug|x64.Build.0 = Debug|x64
		{AB0DD2FD-0C04-4C32-B98B-2A334293FC1F}.Debug|x86.ActiveCfg = Debug|Win32
		{AB0DD2FD-0C04-4C32-B98B-2A334293FC1F}.Debug|x86.Build.0 = Debug|Win32
		{AB0DD2FD-0C04-4C32-B98B-2A334293FC1F}.Release|x64.ActiveCfg = Release|x64
		{AB0DD2FD-0C04-4C32-B98B-2A334293FC1F}.Release|x64.Build.0 = Release|x64
		{AB0DD2FD-0C04-4C32-B98B-2A334293FC1F}.Release|x86.ActiveCfg = Release|Win32
		{AB0DD2FD-0C04-4C32-B98B-2A334293FC1F}.Release|x86.Build.0 = Release|Win32
		{CE6FE83F-0622-4F93-9207-010D40A87829}.Debug|x64.ActiveCfg = Debug|x64
		{CE6FE83F-0622-4F93-9207-010D40A87829}.Debug|x64.Build.0 = Debug|x64
		{CE6FE83F-0622-4F93-9207-010D40A87829}.Debug|x86.ActiveCfg = Debug|Win32
		{CE6FE83F-0622-4F93-9207-010D40A87829}.Debug|x86.Build.0 = Debug|Win32
		{CE6FE83F-0622-4F93-9207-010D40A87829}.Release|x64.ActiveCfg = Release|x64
		{CE6FE83F-0622-4F93-9207-010D40A87829}.Release|x64.Build.0 = Release|x64
		{CE6FE83F-0622-4F93-9207-010D40A87829}.Release|x86.ActiveCfg = Release|Win32
		{CE6FE83F-0622-4F93-9207-010D40A87829}.Release|x86.Build.0 = Release|Win32
		{4D4C289D-CABD-4642-BAA4-F5143DBADAB2}.Debug|x64.ActiveCfg = Debug|x64
		{4D4C289D-CABD-4642-BAA4-F5143DBADAB2}.Debug|x64.Build.0 = Debug|x64
		{4D4C289D-CABD-4642-BAA4-F5143DBADAB2}.Debug|x86.ActiveCfg = Debug|Win32
		{4D4C289D-CABD-4642-BAA4-F5143DBADAB2}.Debug|x86.Build.0 = Debug|Win32
		{4D4C289D-CABD-4642-BAA4-F5143DBADAB2}.Release|x64.ActiveCfg = Release|x64
		{4D4C289D-CABD-4642-BAA4-F5143DBADAB2}.Release|x64.Build.0 = Release|x64
		{4D4C289D-CABD-4642-BAA4-F5143DBADAB2}.Release|x86.ActiveCfg = Release|Win32
		{4D4C289D-CABD-4642-BAA4-F5143DBADAB2}.Release|x86.Build.0 = Release|Win32
		{4FD9F615-2DC4-4C08-AB2E-61D48225ED48}.Debug|x64.ActiveCfg = Debug|x64
		{4FD9F615-2DC4-4C08-AB2E-61D48225ED48}.Debug|x64.Build.0 = Debug|x64
		{4FD9F615-2DC4-4C08-AB2E-61D48225ED48}.Debug|x86.ActiveCfg = Debug|Win32
		{4FD9F615-2DC4-4C08-AB2E-61D48225ED48}.Debug|x86.Build.0 = Debug|Win32
		{4FD9F615-2DC4-4C08-AB2E-61D48225ED48}.Release|x64.ActiveCfg = Release|x64
		{4FD9F615-2DC4-4C08-AB2E-61D48225ED48}.Release|x64.Build.0 = Release|x64
		{4FD9F615-2DC4-4C08-AB2E-61D48225ED48}.Release|x86.ActiveCfg = Release|Win32
		{4FD9F615-2DC4-4C08-AB2E-61D48225ED48}.Release|x86.Build.0 = Release|Win32
		{3972CB6F-DC10-434C-A642-BB3BBC7C73E0}.Debug|x64.ActiveCfg = Debug|x64
		{3972CB6F-DC10-434C-A642-BB3BBC7C73E0}.Debug|x64.Build.0 = Debug|x64
		{3972CB6F-DC10-434C-A642-BB3BBC7C73E0}.Debug|x86.ActiveCfg = Debug|Win32
		{3972CB6F-DC10-434C-A642-BB3BBC7C73E0}.Debug|x86.Build.0 = Debug|Win32
		{3972CB6F-DC10-434C-A642-BB3BBC7C73E0}.Release|x64.ActiveCfg = Release|x64
		{3972CB6F-DC10-434C-A642-BB3BBC7C73E0}.Release|x64.Build.0 = Release|x64
		{3972CB6F-DC10-434C-A642-BB3BBC7C73E0}.Release|x86.ActiveCfg = Release|Win32
		{3972CB6F-DC10-434C-A642-BB3BBC7C73E0}.Release|x86.Build.0 = Release|Win32
		{5C6CF0C9-1A07-4F7C-97B9-0F01BDA684DD}.Debug|x64.ActiveCfg = Debug|x64
		{5C6CF0C9-1A07-4F7C-97B9-0F01BDA684DD}.Debug|x64.Build.0 = Debug|x64
		{5C6CF0C9-1A07-4F7C-97B9-0F01BDA684DD}.Debug|x86.ActiveCfg = Debug|Win32
		{5C6CF0C9-1A07-4F7C-97B9-0F01BDA684DD}.Debug|x86.Build.0 = Debug|Win32
		{5C6CF0C9-1A07-4F7C-97B9-0F01BDA684DD}.Release|x64.ActiveCfg = Release|x64
		{5C6CF0C9-1A07-4F7C-97B9-0F01BDA684DD}.Release|x64.Build.0 = Release|x64
		{5C6CF0C9-1A07-4F7C-97B9-0F01BDA684DD}.Release|x86.ActiveCfg = Release|Win32
		{5C6CF0C9-1A07-4F7C-97B9-0F01BDA684DD}.Release|x86.Build.0 = Release|Win32
		{E6975EAE-3836-4675-A22C-2C762F74AC98}.Debug|x64.ActiveCfg = Debug|x64
		{E6975EAE-3836-4675-A22C-2C762F74AC98}.Debug|x64.Build.0 = Debug|x64
		{E6975EAE-3836-4675-A22C-2C762F74AC98}.Debug|x86.ActiveCfg = Debug|Win32
		{E6975EAE-3836-4675-A22C-2C762F74AC98}.Debug|x86.Build.0 = Debug|Win32
		{E6975EAE-3836-4675-A22C-2C762F74AC98}.Release|x64.ActiveCfg = Release|x64
		{E6975EAE-3836-4675-A22C-2C762F74AC98}.Release|x64.Build.0 = Release|x64
		{E6975EAE-3836-4675-A22C-2C762F74AC98}.Release|x86.ActiveCfg = Release|Win32
		{E6975EAE-3836-4675-A22C-2C762F74AC98}.Release|x86.Build.0 = Release|Win32
		{E6070EA2-653F-4A19-9A57-468C920C2633}.Debug|x64.ActiveCfg = Debug|x64
		{E6070EA2-653F-4A19-9A57-468C920C2633}.Debug|x64.Build.0 = Debug|x64
		{E6070EA2-653F-4A19-9A57-468C920C2633}.Debug|x86.ActiveCfg = Debug|Win32
		{E6070EA2-653F-4A19-9A57-468C920C2633}.Debug|x86.Build.0 = Debug|Win32
		{E6070EA2-653F-4A19-9A57-468C920C2633}.Release|x64.ActiveCfg = Release|x64
		{E6070EA2-653F-4A19-9A57-468C920C2633}.Release|x64.Build.0 = Release|x64
		{E6070EA2-653F-4A19-9A57-468C920C2633}.Release|x86.ActiveCfg = Release|Win32
		{E6070EA2-653F-4A19-9A57-468C920C2633}.Release|x86.Build.0 = Release|Win32
		{C17AD4F4-660A-453D-A434-9F041ADAFD75}.Debug|x64.ActiveCfg = Debug|x64
		{C17AD4F4-660A-453D-A434-9F041ADAFD75}.Debug|x64.Build.0 = Debug|x64
		{C17AD4F4-660A-453D-A434-9F041ADAFD75}.Debug|x86.ActiveCfg = Debug|Win32
		{C17AD4F4-660A-453D-A434-9F041ADAFD75}.Debug|x86.Build.0 = Debug|Win32
		{C17AD4F4-660A-453D-A434-9F041ADAFD75}.Release|x64.ActiveCfg = Release|x64
		{C17AD4F4-660A-453D-A434-9F041ADAFD75}.Release|x64.Build.0 = Release|x64
		{C17AD4F4-660A-453D-A434-9F041ADAFD75}.Release|x86.ActiveCfg = Release|Win32
		{C17AD4F4-660A-453D-A434-9F041ADAFD75}.Release|x86.Build.0 = Release|Win32
	EndGlobalSection
	GlobalSection(SolutionProperties) = preSolution
		HideSolutionNode = FALSE
	EndGlobalSection
EndGlobal
