
Microsoft Visual Studio Solution File, Format Version 12.00
# Visual Studio 14
VisualStudioVersion = 14.0.25420.1
MinimumVisualStudioVersion = 10.0.40219.1
Project("{8BC9CEB8-8B4A-11D0-8D11-00A0C91BC942}") = "10-01", "10-01\10-01.vcxproj", "{2628EE80-6D7E-4CA2-A314-CEAFC5DE55EE}"
EndProject
Project("{8BC9CEB8-8B4A-11D0-8D11-00A0C91BC942}") = "10-02", "10-02\10-02.vcxproj", "{353766D2-5B33-4CF9-91AC-51C6505CFCCA}"
EndProject
Project("{8BC9CEB8-8B4A-11D0-8D11-00A0C91BC942}") = "10-03", "10-03\10-03.vcxproj", "{E39227BC-D293-424E-BEBA-59E3457CE58C}"
EndProject
Project("{8BC9CEB8-8B4A-11D0-8D11-00A0C91BC942}") = "10-04", "10-04\10-04.vcxproj", "{88907391-A069-47A8-9180-139DBF14BCD3}"
EndProject
Project("{8BC9CEB8-8B4A-11D0-8D11-00A0C91BC942}") = "10-05", "10-05\10-05.vcxproj", "{FA9F89AD-9BBD-495F-BC67-9B235BD8CDB8}"
EndProject
Project("{8BC9CEB8-8B4A-11D0-8D11-00A0C91BC942}") = "10-06", "10-06\10-06.vcxproj", "{4136E7B4-48BB-4F66-A0C9-5C6FD4D9C4B5}"
EndProject
Project("{8BC9CEB8-8B4A-11D0-8D11-00A0C91BC942}") = "10-07", "10-07\10-07.vcxproj", "{554A3CA4-A698-42FC-B000-DC5CD9FA390B}"
EndProject
Project("{8BC9CEB8-8B4A-11D0-8D11-00A0C91BC942}") = "10-08", "10-08\10-08.vcxproj", "{EFFEB9A5-566E-482C-9912-7D15466363A1}"
EndProject
Project("{8BC9CEB8-8B4A-11D0-8D11-00A0C91BC942}") = "10-09", "10-09\10-09.vcxproj", "{19718C19-F87B-47D9-8E1E-6663F7755014}"
EndProject
Project("{8BC9CEB8-8B4A-11D0-8D11-00A0C91BC942}") = "Lab10-1", "Lab10-1\Lab10-1.vcxproj", "{87902BF9-E4A6-46C1-8093-B42AC2876C8D}"
EndProject
Project("{8BC9CEB8-8B4A-11D0-8D11-00A0C91BC942}") = "Lab10-2", "Lab10-2\Lab10-2.vcxproj", "{6B1CBDCC-4DC4-425B-9D19-62D2BDE93424}"
EndProject
Project("{8BC9CEB8-8B4A-11D0-8D11-00A0C91BC942}") = "Lab10-3", "Lab10-3\Lab10-3.vcxproj", "{273D126A-ACD7-4F41-8E8E-3FD1D92C1812}"
EndProject
Global
	GlobalSection(SolutionConfigurationPlatforms) = preSolution
		Debug|x64 = Debug|x64
		Debug|x86 = Debug|x86
		Release|x64 = Release|x64
		Release|x86 = Release|x86
	EndGlobalSection
	GlobalSection(ProjectConfigurationPlatforms) = postSolution
		{2628EE80-6D7E-4CA2-A314-CEAFC5DE55EE}.Debug|x64.ActiveCfg = Debug|x64
		{2628EE80-6D7E-4CA2-A314-CEAFC5DE55EE}.Debug|x64.Build.0 = Debug|x64
		{2628EE80-6D7E-4CA2-A314-CEAFC5DE55EE}.Debug|x86.ActiveCfg = Debug|Win32
		{2628EE80-6D7E-4CA2-A314-CEAFC5DE55EE}.Debug|x86.Build.0 = Debug|Win32
		{2628EE80-6D7E-4CA2-A314-CEAFC5DE55EE}.Release|x64.ActiveCfg = Release|x64
		{2628EE80-6D7E-4CA2-A314-CEAFC5DE55EE}.Release|x64.Build.0 = Release|x64
		{2628EE80-6D7E-4CA2-A314-CEAFC5DE55EE}.Release|x86.ActiveCfg = Release|Win32
		{2628EE80-6D7E-4CA2-A314-CEAFC5DE55EE}.Release|x86.Build.0 = Release|Win32
		{353766D2-5B33-4CF9-91AC-51C6505CFCCA}.Debug|x64.ActiveCfg = Debug|x64
		{353766D2-5B33-4CF9-91AC-51C6505CFCCA}.Debug|x64.Build.0 = Debug|x64
		{353766D2-5B33-4CF9-91AC-51C6505CFCCA}.Debug|x86.ActiveCfg = Debug|Win32
		{353766D2-5B33-4CF9-91AC-51C6505CFCCA}.Debug|x86.Build.0 = Debug|Win32
		{353766D2-5B33-4CF9-91AC-51C6505CFCCA}.Release|x64.ActiveCfg = Release|x64
		{353766D2-5B33-4CF9-91AC-51C6505CFCCA}.Release|x64.Build.0 = Release|x64
		{353766D2-5B33-4CF9-91AC-51C6505CFCCA}.Release|x86.ActiveCfg = Release|Win32
		{353766D2-5B33-4CF9-91AC-51C6505CFCCA}.Release|x86.Build.0 = Release|Win32
		{E39227BC-D293-424E-BEBA-59E3457CE58C}.Debug|x64.ActiveCfg = Debug|x64
		{E39227BC-D293-424E-BEBA-59E3457CE58C}.Debug|x64.Build.0 = Debug|x64
		{E39227BC-D293-424E-BEBA-59E3457CE58C}.Debug|x86.ActiveCfg = Debug|Win32
		{E39227BC-D293-424E-BEBA-59E3457CE58C}.Debug|x86.Build.0 = Debug|Win32
		{E39227BC-D293-424E-BEBA-59E3457CE58C}.Release|x64.ActiveCfg = Release|x64
		{E39227BC-D293-424E-BEBA-59E3457CE58C}.Release|x64.Build.0 = Release|x64
		{E39227BC-D293-424E-BEBA-59E3457CE58C}.Release|x86.ActiveCfg = Release|Win32
		{E39227BC-D293-424E-BEBA-59E3457CE58C}.Release|x86.Build.0 = Release|Win32
		{88907391-A069-47A8-9180-139DBF14BCD3}.Debug|x64.ActiveCfg = Debug|x64
		{88907391-A069-47A8-9180-139DBF14BCD3}.Debug|x64.Build.0 = Debug|x64
		{88907391-A069-47A8-9180-139DBF14BCD3}.Debug|x86.ActiveCfg = Debug|Win32
		{88907391-A069-47A8-9180-139DBF14BCD3}.Debug|x86.Build.0 = Debug|Win32
		{88907391-A069-47A8-9180-139DBF14BCD3}.Release|x64.ActiveCfg = Release|x64
		{88907391-A069-47A8-9180-139DBF14BCD3}.Release|x64.Build.0 = Release|x64
		{88907391-A069-47A8-9180-139DBF14BCD3}.Release|x86.ActiveCfg = Release|Win32
		{88907391-A069-47A8-9180-139DBF14BCD3}.Release|x86.Build.0 = Release|Win32
		{FA9F89AD-9BBD-495F-BC67-9B235BD8CDB8}.Debug|x64.ActiveCfg = Debug|x64
		{FA9F89AD-9BBD-495F-BC67-9B235BD8CDB8}.Debug|x64.Build.0 = Debug|x64
		{FA9F89AD-9BBD-495F-BC67-9B235BD8CDB8}.Debug|x86.ActiveCfg = Debug|Win32
		{FA9F89AD-9BBD-495F-BC67-9B235BD8CDB8}.Debug|x86.Build.0 = Debug|Win32
		{FA9F89AD-9BBD-495F-BC67-9B235BD8CDB8}.Release|x64.ActiveCfg = Release|x64
		{FA9F89AD-9BBD-495F-BC67-9B235BD8CDB8}.Release|x64.Build.0 = Release|x64
		{FA9F89AD-9BBD-495F-BC67-9B235BD8CDB8}.Release|x86.ActiveCfg = Release|Win32
		{FA9F89AD-9BBD-495F-BC67-9B235BD8CDB8}.Release|x86.Build.0 = Release|Win32
		{4136E7B4-48BB-4F66-A0C9-5C6FD4D9C4B5}.Debug|x64.ActiveCfg = Debug|x64
		{4136E7B4-48BB-4F66-A0C9-5C6FD4D9C4B5}.Debug|x64.Build.0 = Debug|x64
		{4136E7B4-48BB-4F66-A0C9-5C6FD4D9C4B5}.Debug|x86.ActiveCfg = Debug|Win32
		{4136E7B4-48BB-4F66-A0C9-5C6FD4D9C4B5}.Debug|x86.Build.0 = Debug|Win32
		{4136E7B4-48BB-4F66-A0C9-5C6FD4D9C4B5}.Release|x64.ActiveCfg = Release|x64
		{4136E7B4-48BB-4F66-A0C9-5C6FD4D9C4B5}.Release|x64.Build.0 = Release|x64
		{4136E7B4-48BB-4F66-A0C9-5C6FD4D9C4B5}.Release|x86.ActiveCfg = Release|Win32
		{4136E7B4-48BB-4F66-A0C9-5C6FD4D9C4B5}.Release|x86.Build.0 = Release|Win32
		{554A3CA4-A698-42FC-B000-DC5CD9FA390B}.Debug|x64.ActiveCfg = Debug|x64
		{554A3CA4-A698-42FC-B000-DC5CD9FA390B}.Debug|x64.Build.0 = Debug|x64
		{554A3CA4-A698-42FC-B000-DC5CD9FA390B}.Debug|x86.ActiveCfg = Debug|Win32
		{554A3CA4-A698-42FC-B000-DC5CD9FA390B}.Debug|x86.Build.0 = Debug|Win32
		{554A3CA4-A698-42FC-B000-DC5CD9FA390B}.Release|x64.ActiveCfg = Release|x64
		{554A3CA4-A698-42FC-B000-DC5CD9FA390B}.Release|x64.Build.0 = Release|x64
		{554A3CA4-A698-42FC-B000-DC5CD9FA390B}.Release|x86.ActiveCfg = Release|Win32
		{554A3CA4-A698-42FC-B000-DC5CD9FA390B}.Release|x86.Build.0 = Release|Win32
		{EFFEB9A5-566E-482C-9912-7D15466363A1}.Debug|x64.ActiveCfg = Debug|x64
		{EFFEB9A5-566E-482C-9912-7D15466363A1}.Debug|x64.Build.0 = Debug|x64
		{EFFEB9A5-566E-482C-9912-7D15466363A1}.Debug|x86.ActiveCfg = Debug|Win32
		{EFFEB9A5-566E-482C-9912-7D15466363A1}.Debug|x86.Build.0 = Debug|Win32
		{EFFEB9A5-566E-482C-9912-7D15466363A1}.Release|x64.ActiveCfg = Release|x64
		{EFFEB9A5-566E-482C-9912-7D15466363A1}.Release|x64.Build.0 = Release|x64
		{EFFEB9A5-566E-482C-9912-7D15466363A1}.Release|x86.ActiveCfg = Release|Win32
		{EFFEB9A5-566E-482C-9912-7D15466363A1}.Release|x86.Build.0 = Release|Win32
		{19718C19-F87B-47D9-8E1E-6663F7755014}.Debug|x64.ActiveCfg = Debug|x64
		{19718C19-F87B-47D9-8E1E-6663F7755014}.Debug|x64.Build.0 = Debug|x64
		{19718C19-F87B-47D9-8E1E-6663F7755014}.Debug|x86.ActiveCfg = Debug|Win32
		{19718C19-F87B-47D9-8E1E-6663F7755014}.Debug|x86.Build.0 = Debug|Win32
		{19718C19-F87B-47D9-8E1E-6663F7755014}.Release|x64.ActiveCfg = Release|x64
		{19718C19-F87B-47D9-8E1E-6663F7755014}.Release|x64.Build.0 = Release|x64
		{19718C19-F87B-47D9-8E1E-6663F7755014}.Release|x86.ActiveCfg = Release|Win32
		{19718C19-F87B-47D9-8E1E-6663F7755014}.Release|x86.Build.0 = Release|Win32
		{87902BF9-E4A6-46C1-8093-B42AC2876C8D}.Debug|x64.ActiveCfg = Debug|x64
		{87902BF9-E4A6-46C1-8093-B42AC2876C8D}.Debug|x64.Build.0 = Debug|x64
		{87902BF9-E4A6-46C1-8093-B42AC2876C8D}.Debug|x86.ActiveCfg = Debug|Win32
		{87902BF9-E4A6-46C1-8093-B42AC2876C8D}.Debug|x86.Build.0 = Debug|Win32
		{87902BF9-E4A6-46C1-8093-B42AC2876C8D}.Release|x64.ActiveCfg = Release|x64
		{87902BF9-E4A6-46C1-8093-B42AC2876C8D}.Release|x64.Build.0 = Release|x64
		{87902BF9-E4A6-46C1-8093-B42AC2876C8D}.Release|x86.ActiveCfg = Release|Win32
		{87902BF9-E4A6-46C1-8093-B42AC2876C8D}.Release|x86.Build.0 = Release|Win32
		{6B1CBDCC-4DC4-425B-9D19-62D2BDE93424}.Debug|x64.ActiveCfg = Debug|x64
		{6B1CBDCC-4DC4-425B-9D19-62D2BDE93424}.Debug|x64.Build.0 = Debug|x64
		{6B1CBDCC-4DC4-425B-9D19-62D2BDE93424}.Debug|x86.ActiveCfg = Debug|Win32
		{6B1CBDCC-4DC4-425B-9D19-62D2BDE93424}.Debug|x86.Build.0 = Debug|Win32
		{6B1CBDCC-4DC4-425B-9D19-62D2BDE93424}.Release|x64.ActiveCfg = Release|x64
		{6B1CBDCC-4DC4-425B-9D19-62D2BDE93424}.Release|x64.Build.0 = Release|x64
		{6B1CBDCC-4DC4-425B-9D19-62D2BDE93424}.Release|x86.ActiveCfg = Release|Win32
		{6B1CBDCC-4DC4-425B-9D19-62D2BDE93424}.Release|x86.Build.0 = Release|Win32
		{273D126A-ACD7-4F41-8E8E-3FD1D92C1812}.Debug|x64.ActiveCfg = Debug|x64
		{273D126A-ACD7-4F41-8E8E-3FD1D92C1812}.Debug|x64.Build.0 = Debug|x64
		{273D126A-ACD7-4F41-8E8E-3FD1D92C1812}.Debug|x86.ActiveCfg = Debug|Win32
		{273D126A-ACD7-4F41-8E8E-3FD1D92C1812}.Debug|x86.Build.0 = Debug|Win32
		{273D126A-ACD7-4F41-8E8E-3FD1D92C1812}.Release|x64.ActiveCfg = Release|x64
		{273D126A-ACD7-4F41-8E8E-3FD1D92C1812}.Release|x64.Build.0 = Release|x64
		{273D126A-ACD7-4F41-8E8E-3FD1D92C1812}.Release|x86.ActiveCfg = Release|Win32
		{273D126A-ACD7-4F41-8E8E-3FD1D92C1812}.Release|x86.Build.0 = Release|Win32
	EndGlobalSection
	GlobalSection(SolutionProperties) = preSolution
		HideSolutionNode = FALSE
	EndGlobalSection
EndGlobal
