
Microsoft Visual Studio Solution File, Format Version 12.00
# Visual Studio 14
VisualStudioVersion = 14.0.25420.1
MinimumVisualStudioVersion = 10.0.40219.1
Project("{8BC9CEB8-8B4A-11D0-8D11-00A0C91BC942}") = "ex3-1", "ex3-1\ex3-1.vcxproj", "{DD8AEAC7-6EDD-49F2-AC21-C7A83CFCECB5}"
EndProject
Project("{8BC9CEB8-8B4A-11D0-8D11-00A0C91BC942}") = "ex3-2", "ex3-2\ex3-2.vcxproj", "{EB5AFA62-E64C-40EB-B9FC-35D4F2C79920}"
EndProject
Project("{8BC9CEB8-8B4A-11D0-8D11-00A0C91BC942}") = "ex3-3", "ex3-3\ex3-3.vcxproj", "{4E7CE339-A874-43BA-AD76-356DFEF84D3E}"
EndProject
Project("{8BC9CEB8-8B4A-11D0-8D11-00A0C91BC942}") = "ex3-4", "ex3-4\ex3-4.vcxproj", "{7ADC59FA-BBF7-4467-94BF-DA921BBA675F}"
EndProject
Project("{8BC9CEB8-8B4A-11D0-8D11-00A0C91BC942}") = "LAB3-1", "LAB3-1\LAB3-1.vcxproj", "{DF8A7848-7726-4B38-BFBF-C95E738D5F89}"
EndProject
Project("{8BC9CEB8-8B4A-11D0-8D11-00A0C91BC942}") = "ex3-5", "ex3-5\ex3-5.vcxproj", "{BB7699CA-CF61-47A3-98F1-6B93332458B8}"
EndProject
Project("{8BC9CEB8-8B4A-11D0-8D11-00A0C91BC942}") = "ex3-6", "ex3-6\ex3-6.vcxproj", "{258A37C9-D605-4E44-9CDA-B8124C48857C}"
EndProject
Project("{8BC9CEB8-8B4A-11D0-8D11-00A0C91BC942}") = "ex3-7", "ex3-7\ex3-7.vcxproj", "{414556E7-5CEF-44B1-944A-F60BFF5A8E10}"
EndProject
Project("{8BC9CEB8-8B4A-11D0-8D11-00A0C91BC942}") = "ex3-8", "ex3-8\ex3-8.vcxproj", "{01FDFC82-6F50-40CC-94AE-916E6CF273A0}"
EndProject
Project("{8BC9CEB8-8B4A-11D0-8D11-00A0C91BC942}") = "ex3-9", "ex3-9\ex3-9.vcxproj", "{361BABC6-B372-4BF7-A508-3F26223E912E}"
EndProject
Project("{8BC9CEB8-8B4A-11D0-8D11-00A0C91BC942}") = "LAB3-2", "LAB3-2\LAB3-2.vcxproj", "{EAEDF9C0-4222-45D7-9020-3A783A0CD76A}"
EndProject
Project("{8BC9CEB8-8B4A-11D0-8D11-00A0C91BC942}") = "ex3-10", "ex3-10\ex3-10.vcxproj", "{106291C3-436E-473B-BD13-825AA45CE0FD}"
EndProject
Project("{8BC9CEB8-8B4A-11D0-8D11-00A0C91BC942}") = "ex3-11", "ex3-11\ex3-11.vcxproj", "{6737FBEF-FEE9-4D7D-8A71-CBD493925E64}"
EndProject
Project("{8BC9CEB8-8B4A-11D0-8D11-00A0C91BC942}") = "ex3-12", "ex3-12\ex3-12.vcxproj", "{09FCE45E-8C81-46AF-A6F7-86C05178441A}"
EndProject
Project("{8BC9CEB8-8B4A-11D0-8D11-00A0C91BC942}") = "ex3-13", "ex3-14\ex3-14.vcxproj", "{0425CE6A-FAEE-481A-8DEA-0F841C7A50A6}"
EndProject
Project("{8BC9CEB8-8B4A-11D0-8D11-00A0C91BC942}") = "ex3--14", "ex3--14\ex3--14.vcxproj", "{3FB49CC8-2B1C-486F-97D8-C2DCEB7A98BB}"
EndProject
Project("{8BC9CEB8-8B4A-11D0-8D11-00A0C91BC942}") = "LAB3-3", "LAB3-3\LAB3-3.vcxproj", "{6E621A4B-1137-4945-9CD9-06A9624C78D7}"
EndProject
Global
	GlobalSection(SolutionConfigurationPlatforms) = preSolution
		Debug|x64 = Debug|x64
		Debug|x86 = Debug|x86
		Release|x64 = Release|x64
		Release|x86 = Release|x86
	EndGlobalSection
	GlobalSection(ProjectConfigurationPlatforms) = postSolution
		{DD8AEAC7-6EDD-49F2-AC21-C7A83CFCECB5}.Debug|x64.ActiveCfg = Debug|x64
		{DD8AEAC7-6EDD-49F2-AC21-C7A83CFCECB5}.Debug|x64.Build.0 = Debug|x64
		{DD8AEAC7-6EDD-49F2-AC21-C7A83CFCECB5}.Debug|x86.ActiveCfg = Debug|Win32
		{DD8AEAC7-6EDD-49F2-AC21-C7A83CFCECB5}.Debug|x86.Build.0 = Debug|Win32
		{DD8AEAC7-6EDD-49F2-AC21-C7A83CFCECB5}.Release|x64.ActiveCfg = Release|x64
		{DD8AEAC7-6EDD-49F2-AC21-C7A83CFCECB5}.Release|x64.Build.0 = Release|x64
		{DD8AEAC7-6EDD-49F2-AC21-C7A83CFCECB5}.Release|x86.ActiveCfg = Release|Win32
		{DD8AEAC7-6EDD-49F2-AC21-C7A83CFCECB5}.Release|x86.Build.0 = Release|Win32
		{EB5AFA62-E64C-40EB-B9FC-35D4F2C79920}.Debug|x64.ActiveCfg = Debug|x64
		{EB5AFA62-E64C-40EB-B9FC-35D4F2C79920}.Debug|x64.Build.0 = Debug|x64
		{EB5AFA62-E64C-40EB-B9FC-35D4F2C79920}.Debug|x86.ActiveCfg = Debug|Win32
		{EB5AFA62-E64C-40EB-B9FC-35D4F2C79920}.Debug|x86.Build.0 = Debug|Win32
		{EB5AFA62-E64C-40EB-B9FC-35D4F2C79920}.Release|x64.ActiveCfg = Release|x64
		{EB5AFA62-E64C-40EB-B9FC-35D4F2C79920}.Release|x64.Build.0 = Release|x64
		{EB5AFA62-E64C-40EB-B9FC-35D4F2C79920}.Release|x86.ActiveCfg = Release|Win32
		{EB5AFA62-E64C-40EB-B9FC-35D4F2C79920}.Release|x86.Build.0 = Release|Win32
		{4E7CE339-A874-43BA-AD76-356DFEF84D3E}.Debug|x64.ActiveCfg = Debug|x64
		{4E7CE339-A874-43BA-AD76-356DFEF84D3E}.Debug|x64.Build.0 = Debug|x64
		{4E7CE339-A874-43BA-AD76-356DFEF84D3E}.Debug|x86.ActiveCfg = Debug|Win32
		{4E7CE339-A874-43BA-AD76-356DFEF84D3E}.Debug|x86.Build.0 = Debug|Win32
		{4E7CE339-A874-43BA-AD76-356DFEF84D3E}.Release|x64.ActiveCfg = Release|x64
		{4E7CE339-A874-43BA-AD76-356DFEF84D3E}.Release|x64.Build.0 = Release|x64
		{4E7CE339-A874-43BA-AD76-356DFEF84D3E}.Release|x86.ActiveCfg = Release|Win32
		{4E7CE339-A874-43BA-AD76-356DFEF84D3E}.Release|x86.Build.0 = Release|Win32
		{7ADC59FA-BBF7-4467-94BF-DA921BBA675F}.Debug|x64.ActiveCfg = Debug|x64
		{7ADC59FA-BBF7-4467-94BF-DA921BBA675F}.Debug|x64.Build.0 = Debug|x64
		{7ADC59FA-BBF7-4467-94BF-DA921BBA675F}.Debug|x86.ActiveCfg = Debug|Win32
		{7ADC59FA-BBF7-4467-94BF-DA921BBA675F}.Debug|x86.Build.0 = Debug|Win32
		{7ADC59FA-BBF7-4467-94BF-DA921BBA675F}.Release|x64.ActiveCfg = Release|x64
		{7ADC59FA-BBF7-4467-94BF-DA921BBA675F}.Release|x64.Build.0 = Release|x64
		{7ADC59FA-BBF7-4467-94BF-DA921BBA675F}.Release|x86.ActiveCfg = Release|Win32
		{7ADC59FA-BBF7-4467-94BF-DA921BBA675F}.Release|x86.Build.0 = Release|Win32
		{DF8A7848-7726-4B38-BFBF-C95E738D5F89}.Debug|x64.ActiveCfg = Debug|x64
		{DF8A7848-7726-4B38-BFBF-C95E738D5F89}.Debug|x64.Build.0 = Debug|x64
		{DF8A7848-7726-4B38-BFBF-C95E738D5F89}.Debug|x86.ActiveCfg = Debug|Win32
		{DF8A7848-7726-4B38-BFBF-C95E738D5F89}.Debug|x86.Build.0 = Debug|Win32
		{DF8A7848-7726-4B38-BFBF-C95E738D5F89}.Release|x64.ActiveCfg = Release|x64
		{DF8A7848-7726-4B38-BFBF-C95E738D5F89}.Release|x64.Build.0 = Release|x64
		{DF8A7848-7726-4B38-BFBF-C95E738D5F89}.Release|x86.ActiveCfg = Release|Win32
		{DF8A7848-7726-4B38-BFBF-C95E738D5F89}.Release|x86.Build.0 = Release|Win32
		{BB7699CA-CF61-47A3-98F1-6B93332458B8}.Debug|x64.ActiveCfg = Debug|x64
		{BB7699CA-CF61-47A3-98F1-6B93332458B8}.Debug|x64.Build.0 = Debug|x64
		{BB7699CA-CF61-47A3-98F1-6B93332458B8}.Debug|x86.ActiveCfg = Debug|Win32
		{BB7699CA-CF61-47A3-98F1-6B93332458B8}.Debug|x86.Build.0 = Debug|Win32
		{BB7699CA-CF61-47A3-98F1-6B93332458B8}.Release|x64.ActiveCfg = Release|x64
		{BB7699CA-CF61-47A3-98F1-6B93332458B8}.Release|x64.Build.0 = Release|x64
		{BB7699CA-CF61-47A3-98F1-6B93332458B8}.Release|x86.ActiveCfg = Release|Win32
		{BB7699CA-CF61-47A3-98F1-6B93332458B8}.Release|x86.Build.0 = Release|Win32
		{258A37C9-D605-4E44-9CDA-B8124C48857C}.Debug|x64.ActiveCfg = Debug|x64
		{258A37C9-D605-4E44-9CDA-B8124C48857C}.Debug|x64.Build.0 = Debug|x64
		{258A37C9-D605-4E44-9CDA-B8124C48857C}.Debug|x86.ActiveCfg = Debug|Win32
		{258A37C9-D605-4E44-9CDA-B8124C48857C}.Debug|x86.Build.0 = Debug|Win32
		{258A37C9-D605-4E44-9CDA-B8124C48857C}.Release|x64.ActiveCfg = Release|x64
		{258A37C9-D605-4E44-9CDA-B8124C48857C}.Release|x64.Build.0 = Release|x64
		{258A37C9-D605-4E44-9CDA-B8124C48857C}.Release|x86.ActiveCfg = Release|Win32
		{258A37C9-D605-4E44-9CDA-B8124C48857C}.Release|x86.Build.0 = Release|Win32
		{414556E7-5CEF-44B1-944A-F60BFF5A8E10}.Debug|x64.ActiveCfg = Debug|x64
		{414556E7-5CEF-44B1-944A-F60BFF5A8E10}.Debug|x64.Build.0 = Debug|x64
		{414556E7-5CEF-44B1-944A-F60BFF5A8E10}.Debug|x86.ActiveCfg = Debug|Win32
		{414556E7-5CEF-44B1-944A-F60BFF5A8E10}.Debug|x86.Build.0 = Debug|Win32
		{414556E7-5CEF-44B1-944A-F60BFF5A8E10}.Release|x64.ActiveCfg = Release|x64
		{414556E7-5CEF-44B1-944A-F60BFF5A8E10}.Release|x64.Build.0 = Release|x64
		{414556E7-5CEF-44B1-944A-F60BFF5A8E10}.Release|x86.ActiveCfg = Release|Win32
		{414556E7-5CEF-44B1-944A-F60BFF5A8E10}.Release|x86.Build.0 = Release|Win32
		{01FDFC82-6F50-40CC-94AE-916E6CF273A0}.Debug|x64.ActiveCfg = Debug|x64
		{01FDFC82-6F50-40CC-94AE-916E6CF273A0}.Debug|x64.Build.0 = Debug|x64
		{01FDFC82-6F50-40CC-94AE-916E6CF273A0}.Debug|x86.ActiveCfg = Debug|Win32
		{01FDFC82-6F50-40CC-94AE-916E6CF273A0}.Debug|x86.Build.0 = Debug|Win32
		{01FDFC82-6F50-40CC-94AE-916E6CF273A0}.Release|x64.ActiveCfg = Release|x64
		{01FDFC82-6F50-40CC-94AE-916E6CF273A0}.Release|x64.Build.0 = Release|x64
		{01FDFC82-6F50-40CC-94AE-916E6CF273A0}.Release|x86.ActiveCfg = Release|Win32
		{01FDFC82-6F50-40CC-94AE-916E6CF273A0}.Release|x86.Build.0 = Release|Win32
		{361BABC6-B372-4BF7-A508-3F26223E912E}.Debug|x64.ActiveCfg = Debug|x64
		{361BABC6-B372-4BF7-A508-3F26223E912E}.Debug|x64.Build.0 = Debug|x64
		{361BABC6-B372-4BF7-A508-3F26223E912E}.Debug|x86.ActiveCfg = Debug|Win32
		{361BABC6-B372-4BF7-A508-3F26223E912E}.Debug|x86.Build.0 = Debug|Win32
		{361BABC6-B372-4BF7-A508-3F26223E912E}.Release|x64.ActiveCfg = Release|x64
		{361BABC6-B372-4BF7-A508-3F26223E912E}.Release|x64.Build.0 = Release|x64
		{361BABC6-B372-4BF7-A508-3F26223E912E}.Release|x86.ActiveCfg = Release|Win32
		{361BABC6-B372-4BF7-A508-3F26223E912E}.Release|x86.Build.0 = Release|Win32
		{EAEDF9C0-4222-45D7-9020-3A783A0CD76A}.Debug|x64.ActiveCfg = Debug|x64
		{EAEDF9C0-4222-45D7-9020-3A783A0CD76A}.Debug|x64.Build.0 = Debug|x64
		{EAEDF9C0-4222-45D7-9020-3A783A0CD76A}.Debug|x86.ActiveCfg = Debug|Win32
		{EAEDF9C0-4222-45D7-9020-3A783A0CD76A}.Debug|x86.Build.0 = Debug|Win32
		{EAEDF9C0-4222-45D7-9020-3A783A0CD76A}.Release|x64.ActiveCfg = Release|x64
		{EAEDF9C0-4222-45D7-9020-3A783A0CD76A}.Release|x64.Build.0 = Release|x64
		{EAEDF9C0-4222-45D7-9020-3A783A0CD76A}.Release|x86.ActiveCfg = Release|Win32
		{EAEDF9C0-4222-45D7-9020-3A783A0CD76A}.Release|x86.Build.0 = Release|Win32
		{106291C3-436E-473B-BD13-825AA45CE0FD}.Debug|x64.ActiveCfg = Debug|x64
		{106291C3-436E-473B-BD13-825AA45CE0FD}.Debug|x64.Build.0 = Debug|x64
		{106291C3-436E-473B-BD13-825AA45CE0FD}.Debug|x86.ActiveCfg = Debug|Win32
		{106291C3-436E-473B-BD13-825AA45CE0FD}.Debug|x86.Build.0 = Debug|Win32
		{106291C3-436E-473B-BD13-825AA45CE0FD}.Release|x64.ActiveCfg = Release|x64
		{106291C3-436E-473B-BD13-825AA45CE0FD}.Release|x64.Build.0 = Release|x64
		{106291C3-436E-473B-BD13-825AA45CE0FD}.Release|x86.ActiveCfg = Release|Win32
		{106291C3-436E-473B-BD13-825AA45CE0FD}.Release|x86.Build.0 = Release|Win32
		{6737FBEF-FEE9-4D7D-8A71-CBD493925E64}.Debug|x64.ActiveCfg = Debug|x64
		{6737FBEF-FEE9-4D7D-8A71-CBD493925E64}.Debug|x64.Build.0 = Debug|x64
		{6737FBEF-FEE9-4D7D-8A71-CBD493925E64}.Debug|x86.ActiveCfg = Debug|Win32
		{6737FBEF-FEE9-4D7D-8A71-CBD493925E64}.Debug|x86.Build.0 = Debug|Win32
		{6737FBEF-FEE9-4D7D-8A71-CBD493925E64}.Release|x64.ActiveCfg = Release|x64
		{6737FBEF-FEE9-4D7D-8A71-CBD493925E64}.Release|x64.Build.0 = Release|x64
		{6737FBEF-FEE9-4D7D-8A71-CBD493925E64}.Release|x86.ActiveCfg = Release|Win32
		{6737FBEF-FEE9-4D7D-8A71-CBD493925E64}.Release|x86.Build.0 = Release|Win32
		{09FCE45E-8C81-46AF-A6F7-86C05178441A}.Debug|x64.ActiveCfg = Debug|x64
		{09FCE45E-8C81-46AF-A6F7-86C05178441A}.Debug|x64.Build.0 = Debug|x64
		{09FCE45E-8C81-46AF-A6F7-86C05178441A}.Debug|x86.ActiveCfg = Debug|Win32
		{09FCE45E-8C81-46AF-A6F7-86C05178441A}.Debug|x86.Build.0 = Debug|Win32
		{09FCE45E-8C81-46AF-A6F7-86C05178441A}.Release|x64.ActiveCfg = Release|x64
		{09FCE45E-8C81-46AF-A6F7-86C05178441A}.Release|x64.Build.0 = Release|x64
		{09FCE45E-8C81-46AF-A6F7-86C05178441A}.Release|x86.ActiveCfg = Release|Win32
		{09FCE45E-8C81-46AF-A6F7-86C05178441A}.Release|x86.Build.0 = Release|Win32
		{0425CE6A-FAEE-481A-8DEA-0F841C7A50A6}.Debug|x64.ActiveCfg = Debug|x64
		{0425CE6A-FAEE-481A-8DEA-0F841C7A50A6}.Debug|x64.Build.0 = Debug|x64
		{0425CE6A-FAEE-481A-8DEA-0F841C7A50A6}.Debug|x86.ActiveCfg = Debug|Win32
		{0425CE6A-FAEE-481A-8DEA-0F841C7A50A6}.Debug|x86.Build.0 = Debug|Win32
		{0425CE6A-FAEE-481A-8DEA-0F841C7A50A6}.Release|x64.ActiveCfg = Release|x64
		{0425CE6A-FAEE-481A-8DEA-0F841C7A50A6}.Release|x64.Build.0 = Release|x64
		{0425CE6A-FAEE-481A-8DEA-0F841C7A50A6}.Release|x86.ActiveCfg = Release|Win32
		{0425CE6A-FAEE-481A-8DEA-0F841C7A50A6}.Release|x86.Build.0 = Release|Win32
		{3FB49CC8-2B1C-486F-97D8-C2DCEB7A98BB}.Debug|x64.ActiveCfg = Debug|x64
		{3FB49CC8-2B1C-486F-97D8-C2DCEB7A98BB}.Debug|x64.Build.0 = Debug|x64
		{3FB49CC8-2B1C-486F-97D8-C2DCEB7A98BB}.Debug|x86.ActiveCfg = Debug|Win32
		{3FB49CC8-2B1C-486F-97D8-C2DCEB7A98BB}.Debug|x86.Build.0 = Debug|Win32
		{3FB49CC8-2B1C-486F-97D8-C2DCEB7A98BB}.Release|x64.ActiveCfg = Release|x64
		{3FB49CC8-2B1C-486F-97D8-C2DCEB7A98BB}.Release|x64.Build.0 = Release|x64
		{3FB49CC8-2B1C-486F-97D8-C2DCEB7A98BB}.Release|x86.ActiveCfg = Release|Win32
		{3FB49CC8-2B1C-486F-97D8-C2DCEB7A98BB}.Release|x86.Build.0 = Release|Win32
		{6E621A4B-1137-4945-9CD9-06A9624C78D7}.Debug|x64.ActiveCfg = Debug|x64
		{6E621A4B-1137-4945-9CD9-06A9624C78D7}.Debug|x64.Build.0 = Debug|x64
		{6E621A4B-1137-4945-9CD9-06A9624C78D7}.Debug|x86.ActiveCfg = Debug|Win32
		{6E621A4B-1137-4945-9CD9-06A9624C78D7}.Debug|x86.Build.0 = Debug|Win32
		{6E621A4B-1137-4945-9CD9-06A9624C78D7}.Release|x64.ActiveCfg = Release|x64
		{6E621A4B-1137-4945-9CD9-06A9624C78D7}.Release|x64.Build.0 = Release|x64
		{6E621A4B-1137-4945-9CD9-06A9624C78D7}.Release|x86.ActiveCfg = Release|Win32
		{6E621A4B-1137-4945-9CD9-06A9624C78D7}.Release|x86.Build.0 = Release|Win32
	EndGlobalSection
	GlobalSection(SolutionProperties) = preSolution
		HideSolutionNode = FALSE
	EndGlobalSection
EndGlobal
