
Microsoft Visual Studio Solution File, Format Version 12.00
# Visual Studio 14
VisualStudioVersion = 14.0.25420.1
MinimumVisualStudioVersion = 10.0.40219.1
Project("{8BC9CEB8-8B4A-11D0-8D11-00A0C91BC942}") = "Prj01", "Prj01\Prj01.vcxproj", "{B9BE1CAA-44CD-425E-9C50-13643AEE8DB3}"
EndProject
Project("{8BC9CEB8-8B4A-11D0-8D11-00A0C91BC942}") = "Prj02", "Prj02\Prj02.vcxproj", "{94A60BCA-F1C9-40A5-940B-39DD847203D1}"
EndProject
Project("{8BC9CEB8-8B4A-11D0-8D11-00A0C91BC942}") = "Prj03", "Prj03\Prj03.vcxproj", "{35E685A2-CA31-4DA1-8C63-2D96704AA567}"
EndProject
Project("{8BC9CEB8-8B4A-11D0-8D11-00A0C91BC942}") = "Prj04", "Prj04\Prj04.vcxproj", "{A7CE6982-50D4-4D3F-813F-70C86ACFC38E}"
EndProject
Project("{8BC9CEB8-8B4A-11D0-8D11-00A0C91BC942}") = "Prj05", "Prj05\Prj05.vcxproj", "{D4DD0932-6BA5-40D0-B45C-47366A1F59B0}"
EndProject
Project("{8BC9CEB8-8B4A-11D0-8D11-00A0C91BC942}") = "Prj06", "Prj06\Prj06.vcxproj", "{E262892A-DB78-4537-B263-ECFDAED8F4CD}"
EndProject
Project("{8BC9CEB8-8B4A-11D0-8D11-00A0C91BC942}") = "Prj07", "Prj07\Prj07.vcxproj", "{A5307C2B-D020-47DE-901F-3BD80C0D787A}"
EndProject
Project("{8BC9CEB8-8B4A-11D0-8D11-00A0C91BC942}") = "Prj08", "Prj08\Prj08.vcxproj", "{676C3811-3C71-4AB5-8171-FD8645F43DB2}"
EndProject
Project("{8BC9CEB8-8B4A-11D0-8D11-00A0C91BC942}") = "Prj09", "Prj09\Prj09.vcxproj", "{E55A958B-18D1-4BB6-A914-DE206D3861BA}"
EndProject
Project("{8BC9CEB8-8B4A-11D0-8D11-00A0C91BC942}") = "Prj10", "Prj10\Prj10.vcxproj", "{3088836D-0A13-48E3-BE90-62F8DAE06E1E}"
EndProject
Project("{8BC9CEB8-8B4A-11D0-8D11-00A0C91BC942}") = "Lab6-1", "Lab6-1\Lab6-1.vcxproj", "{F7555242-98B7-43A8-851D-3B6C625DA369}"
EndProject
Project("{8BC9CEB8-8B4A-11D0-8D11-00A0C91BC942}") = "Lab6-2", "Lab6-2\Lab6-2.vcxproj", "{52E88891-18A5-48DB-9635-7F27637C3421}"
EndProject
Project("{8BC9CEB8-8B4A-11D0-8D11-00A0C91BC942}") = "Lab6-3", "Lab6-3\Lab6-3.vcxproj", "{DC349D80-0DD9-4B2F-8C04-CDBDD061A217}"
EndProject
Project("{8BC9CEB8-8B4A-11D0-8D11-00A0C91BC942}") = "Lab6-4", "Lab6-4\Lab6-4.vcxproj", "{E99EF799-6B0B-403E-9F00-554B406AFF3A}"
EndProject
Global
	GlobalSection(SolutionConfigurationPlatforms) = preSolution
		Debug|x64 = Debug|x64
		Debug|x86 = Debug|x86
		Release|x64 = Release|x64
		Release|x86 = Release|x86
	EndGlobalSection
	GlobalSection(ProjectConfigurationPlatforms) = postSolution
		{B9BE1CAA-44CD-425E-9C50-13643AEE8DB3}.Debug|x64.ActiveCfg = Debug|x64
		{B9BE1CAA-44CD-425E-9C50-13643AEE8DB3}.Debug|x64.Build.0 = Debug|x64
		{B9BE1CAA-44CD-425E-9C50-13643AEE8DB3}.Debug|x86.ActiveCfg = Debug|Win32
		{B9BE1CAA-44CD-425E-9C50-13643AEE8DB3}.Debug|x86.Build.0 = Debug|Win32
		{B9BE1CAA-44CD-425E-9C50-13643AEE8DB3}.Release|x64.ActiveCfg = Release|x64
		{B9BE1CAA-44CD-425E-9C50-13643AEE8DB3}.Release|x64.Build.0 = Release|x64
		{B9BE1CAA-44CD-425E-9C50-13643AEE8DB3}.Release|x86.ActiveCfg = Release|Win32
		{B9BE1CAA-44CD-425E-9C50-13643AEE8DB3}.Release|x86.Build.0 = Release|Win32
		{94A60BCA-F1C9-40A5-940B-39DD847203D1}.Debug|x64.ActiveCfg = Debug|x64
		{94A60BCA-F1C9-40A5-940B-39DD847203D1}.Debug|x64.Build.0 = Debug|x64
		{94A60BCA-F1C9-40A5-940B-39DD847203D1}.Debug|x86.ActiveCfg = Debug|Win32
		{94A60BCA-F1C9-40A5-940B-39DD847203D1}.Debug|x86.Build.0 = Debug|Win32
		{94A60BCA-F1C9-40A5-940B-39DD847203D1}.Release|x64.ActiveCfg = Release|x64
		{94A60BCA-F1C9-40A5-940B-39DD847203D1}.Release|x64.Build.0 = Release|x64
		{94A60BCA-F1C9-40A5-940B-39DD847203D1}.Release|x86.ActiveCfg = Release|Win32
		{94A60BCA-F1C9-40A5-940B-39DD847203D1}.Release|x86.Build.0 = Release|Win32
		{35E685A2-CA31-4DA1-8C63-2D96704AA567}.Debug|x64.ActiveCfg = Debug|x64
		{35E685A2-CA31-4DA1-8C63-2D96704AA567}.Debug|x64.Build.0 = Debug|x64
		{35E685A2-CA31-4DA1-8C63-2D96704AA567}.Debug|x86.ActiveCfg = Debug|Win32
		{35E685A2-CA31-4DA1-8C63-2D96704AA567}.Debug|x86.Build.0 = Debug|Win32
		{35E685A2-CA31-4DA1-8C63-2D96704AA567}.Release|x64.ActiveCfg = Release|x64
		{35E685A2-CA31-4DA1-8C63-2D96704AA567}.Release|x64.Build.0 = Release|x64
		{35E685A2-CA31-4DA1-8C63-2D96704AA567}.Release|x86.ActiveCfg = Release|Win32
		{35E685A2-CA31-4DA1-8C63-2D96704AA567}.Release|x86.Build.0 = Release|Win32
		{A7CE6982-50D4-4D3F-813F-70C86ACFC38E}.Debug|x64.ActiveCfg = Debug|x64
		{A7CE6982-50D4-4D3F-813F-70C86ACFC38E}.Debug|x64.Build.0 = Debug|x64
		{A7CE6982-50D4-4D3F-813F-70C86ACFC38E}.Debug|x86.ActiveCfg = Debug|Win32
		{A7CE6982-50D4-4D3F-813F-70C86ACFC38E}.Debug|x86.Build.0 = Debug|Win32
		{A7CE6982-50D4-4D3F-813F-70C86ACFC38E}.Release|x64.ActiveCfg = Release|x64
		{A7CE6982-50D4-4D3F-813F-70C86ACFC38E}.Release|x64.Build.0 = Release|x64
		{A7CE6982-50D4-4D3F-813F-70C86ACFC38E}.Release|x86.ActiveCfg = Release|Win32
		{A7CE6982-50D4-4D3F-813F-70C86ACFC38E}.Release|x86.Build.0 = Release|Win32
		{D4DD0932-6BA5-40D0-B45C-47366A1F59B0}.Debug|x64.ActiveCfg = Debug|x64
		{D4DD0932-6BA5-40D0-B45C-47366A1F59B0}.Debug|x64.Build.0 = Debug|x64
		{D4DD0932-6BA5-40D0-B45C-47366A1F59B0}.Debug|x86.ActiveCfg = Debug|Win32
		{D4DD0932-6BA5-40D0-B45C-47366A1F59B0}.Debug|x86.Build.0 = Debug|Win32
		{D4DD0932-6BA5-40D0-B45C-47366A1F59B0}.Release|x64.ActiveCfg = Release|x64
		{D4DD0932-6BA5-40D0-B45C-47366A1F59B0}.Release|x64.Build.0 = Release|x64
		{D4DD0932-6BA5-40D0-B45C-47366A1F59B0}.Release|x86.ActiveCfg = Release|Win32
		{D4DD0932-6BA5-40D0-B45C-47366A1F59B0}.Release|x86.Build.0 = Release|Win32
		{E262892A-DB78-4537-B263-ECFDAED8F4CD}.Debug|x64.ActiveCfg = Debug|x64
		{E262892A-DB78-4537-B263-ECFDAED8F4CD}.Debug|x64.Build.0 = Debug|x64
		{E262892A-DB78-4537-B263-ECFDAED8F4CD}.Debug|x86.ActiveCfg = Debug|Win32
		{E262892A-DB78-4537-B263-ECFDAED8F4CD}.Debug|x86.Build.0 = Debug|Win32
		{E262892A-DB78-4537-B263-ECFDAED8F4CD}.Release|x64.ActiveCfg = Release|x64
		{E262892A-DB78-4537-B263-ECFDAED8F4CD}.Release|x64.Build.0 = Release|x64
		{E262892A-DB78-4537-B263-ECFDAED8F4CD}.Release|x86.ActiveCfg = Release|Win32
		{E262892A-DB78-4537-B263-ECFDAED8F4CD}.Release|x86.Build.0 = Release|Win32
		{A5307C2B-D020-47DE-901F-3BD80C0D787A}.Debug|x64.ActiveCfg = Debug|x64
		{A5307C2B-D020-47DE-901F-3BD80C0D787A}.Debug|x64.Build.0 = Debug|x64
		{A5307C2B-D020-47DE-901F-3BD80C0D787A}.Debug|x86.ActiveCfg = Debug|Win32
		{A5307C2B-D020-47DE-901F-3BD80C0D787A}.Debug|x86.Build.0 = Debug|Win32
		{A5307C2B-D020-47DE-901F-3BD80C0D787A}.Release|x64.ActiveCfg = Release|x64
		{A5307C2B-D020-47DE-901F-3BD80C0D787A}.Release|x64.Build.0 = Release|x64
		{A5307C2B-D020-47DE-901F-3BD80C0D787A}.Release|x86.ActiveCfg = Release|Win32
		{A5307C2B-D020-47DE-901F-3BD80C0D787A}.Release|x86.Build.0 = Release|Win32
		{676C3811-3C71-4AB5-8171-FD8645F43DB2}.Debug|x64.ActiveCfg = Debug|x64
		{676C3811-3C71-4AB5-8171-FD8645F43DB2}.Debug|x64.Build.0 = Debug|x64
		{676C3811-3C71-4AB5-8171-FD8645F43DB2}.Debug|x86.ActiveCfg = Debug|Win32
		{676C3811-3C71-4AB5-8171-FD8645F43DB2}.Debug|x86.Build.0 = Debug|Win32
		{676C3811-3C71-4AB5-8171-FD8645F43DB2}.Release|x64.ActiveCfg = Release|x64
		{676C3811-3C71-4AB5-8171-FD8645F43DB2}.Release|x64.Build.0 = Release|x64
		{676C3811-3C71-4AB5-8171-FD8645F43DB2}.Release|x86.ActiveCfg = Release|Win32
		{676C3811-3C71-4AB5-8171-FD8645F43DB2}.Release|x86.Build.0 = Release|Win32
		{E55A958B-18D1-4BB6-A914-DE206D3861BA}.Debug|x64.ActiveCfg = Debug|x64
		{E55A958B-18D1-4BB6-A914-DE206D3861BA}.Debug|x64.Build.0 = Debug|x64
		{E55A958B-18D1-4BB6-A914-DE206D3861BA}.Debug|x86.ActiveCfg = Debug|Win32
		{E55A958B-18D1-4BB6-A914-DE206D3861BA}.Debug|x86.Build.0 = Debug|Win32
		{E55A958B-18D1-4BB6-A914-DE206D3861BA}.Release|x64.ActiveCfg = Release|x64
		{E55A958B-18D1-4BB6-A914-DE206D3861BA}.Release|x64.Build.0 = Release|x64
		{E55A958B-18D1-4BB6-A914-DE206D3861BA}.Release|x86.ActiveCfg = Release|Win32
		{E55A958B-18D1-4BB6-A914-DE206D3861BA}.Release|x86.Build.0 = Release|Win32
		{3088836D-0A13-48E3-BE90-62F8DAE06E1E}.Debug|x64.ActiveCfg = Debug|x64
		{3088836D-0A13-48E3-BE90-62F8DAE06E1E}.Debug|x64.Build.0 = Debug|x64
		{3088836D-0A13-48E3-BE90-62F8DAE06E1E}.Debug|x86.ActiveCfg = Debug|Win32
		{3088836D-0A13-48E3-BE90-62F8DAE06E1E}.Debug|x86.Build.0 = Debug|Win32
		{3088836D-0A13-48E3-BE90-62F8DAE06E1E}.Release|x64.ActiveCfg = Release|x64
		{3088836D-0A13-48E3-BE90-62F8DAE06E1E}.Release|x64.Build.0 = Release|x64
		{3088836D-0A13-48E3-BE90-62F8DAE06E1E}.Release|x86.ActiveCfg = Release|Win32
		{3088836D-0A13-48E3-BE90-62F8DAE06E1E}.Release|x86.Build.0 = Release|Win32
		{F7555242-98B7-43A8-851D-3B6C625DA369}.Debug|x64.ActiveCfg = Debug|x64
		{F7555242-98B7-43A8-851D-3B6C625DA369}.Debug|x64.Build.0 = Debug|x64
		{F7555242-98B7-43A8-851D-3B6C625DA369}.Debug|x86.ActiveCfg = Debug|Win32
		{F7555242-98B7-43A8-851D-3B6C625DA369}.Debug|x86.Build.0 = Debug|Win32
		{F7555242-98B7-43A8-851D-3B6C625DA369}.Release|x64.ActiveCfg = Release|x64
		{F7555242-98B7-43A8-851D-3B6C625DA369}.Release|x64.Build.0 = Release|x64
		{F7555242-98B7-43A8-851D-3B6C625DA369}.Release|x86.ActiveCfg = Release|Win32
		{F7555242-98B7-43A8-851D-3B6C625DA369}.Release|x86.Build.0 = Release|Win32
		{52E88891-18A5-48DB-9635-7F27637C3421}.Debug|x64.ActiveCfg = Debug|x64
		{52E88891-18A5-48DB-9635-7F27637C3421}.Debug|x64.Build.0 = Debug|x64
		{52E88891-18A5-48DB-9635-7F27637C3421}.Debug|x86.ActiveCfg = Debug|Win32
		{52E88891-18A5-48DB-9635-7F27637C3421}.Debug|x86.Build.0 = Debug|Win32
		{52E88891-18A5-48DB-9635-7F27637C3421}.Release|x64.ActiveCfg = Release|x64
		{52E88891-18A5-48DB-9635-7F27637C3421}.Release|x64.Build.0 = Release|x64
		{52E88891-18A5-48DB-9635-7F27637C3421}.Release|x86.ActiveCfg = Release|Win32
		{52E88891-18A5-48DB-9635-7F27637C3421}.Release|x86.Build.0 = Release|Win32
		{DC349D80-0DD9-4B2F-8C04-CDBDD061A217}.Debug|x64.ActiveCfg = Debug|x64
		{DC349D80-0DD9-4B2F-8C04-CDBDD061A217}.Debug|x64.Build.0 = Debug|x64
		{DC349D80-0DD9-4B2F-8C04-CDBDD061A217}.Debug|x86.ActiveCfg = Debug|Win32
		{DC349D80-0DD9-4B2F-8C04-CDBDD061A217}.Debug|x86.Build.0 = Debug|Win32
		{DC349D80-0DD9-4B2F-8C04-CDBDD061A217}.Release|x64.ActiveCfg = Release|x64
		{DC349D80-0DD9-4B2F-8C04-CDBDD061A217}.Release|x64.Build.0 = Release|x64
		{DC349D80-0DD9-4B2F-8C04-CDBDD061A217}.Release|x86.ActiveCfg = Release|Win32
		{DC349D80-0DD9-4B2F-8C04-CDBDD061A217}.Release|x86.Build.0 = Release|Win32
		{E99EF799-6B0B-403E-9F00-554B406AFF3A}.Debug|x64.ActiveCfg = Debug|x64
		{E99EF799-6B0B-403E-9F00-554B406AFF3A}.Debug|x64.Build.0 = Debug|x64
		{E99EF799-6B0B-403E-9F00-554B406AFF3A}.Debug|x86.ActiveCfg = Debug|Win32
		{E99EF799-6B0B-403E-9F00-554B406AFF3A}.Debug|x86.Build.0 = Debug|Win32
		{E99EF799-6B0B-403E-9F00-554B406AFF3A}.Release|x64.ActiveCfg = Release|x64
		{E99EF799-6B0B-403E-9F00-554B406AFF3A}.Release|x64.Build.0 = Release|x64
		{E99EF799-6B0B-403E-9F00-554B406AFF3A}.Release|x86.ActiveCfg = Release|Win32
		{E99EF799-6B0B-403E-9F00-554B406AFF3A}.Release|x86.Build.0 = Release|Win32
	EndGlobalSection
	GlobalSection(SolutionProperties) = preSolution
		HideSolutionNode = FALSE
	EndGlobalSection
EndGlobal
