
Microsoft Visual Studio Solution File, Format Version 12.00
# Visual Studio 14
VisualStudioVersion = 14.0.25420.1
MinimumVisualStudioVersion = 10.0.40219.1
Project("{8BC9CEB8-8B4A-11D0-8D11-00A0C91BC942}") = "9-01", "9-01\9-01.vcxproj", "{E133AAB7-DB53-4A77-B67C-C47FE96AA63F}"
EndProject
Project("{8BC9CEB8-8B4A-11D0-8D11-00A0C91BC942}") = "9-02", "9-02\9-02.vcxproj", "{236951DF-E7FE-4876-AAB6-EC901D7182D4}"
EndProject
Project("{8BC9CEB8-8B4A-11D0-8D11-00A0C91BC942}") = "9-03", "9-03\9-03.vcxproj", "{C7840071-BCA4-44D2-98AC-46CA4C8DDE11}"
EndProject
Project("{8BC9CEB8-8B4A-11D0-8D11-00A0C91BC942}") = "9-04", "9-04\9-04.vcxproj", "{B4D7774A-5F00-4E18-BFC0-9C570867AE41}"
EndProject
Project("{8BC9CEB8-8B4A-11D0-8D11-00A0C91BC942}") = "9-05", "9-05\9-05.vcxproj", "{F08B7734-DE1E-4C04-B230-39FDD4C1C749}"
EndProject
Project("{8BC9CEB8-8B4A-11D0-8D11-00A0C91BC942}") = "9-06", "9-06\9-06.vcxproj", "{1FAD107F-7BC1-42C5-9251-B8816AE78FB7}"
EndProject
Project("{8BC9CEB8-8B4A-11D0-8D11-00A0C91BC942}") = "9-07", "9-07\9-07.vcxproj", "{86975D21-0B48-425E-A432-0C223FF1C3CA}"
EndProject
Project("{8BC9CEB8-8B4A-11D0-8D11-00A0C91BC942}") = "9-08", "9-08\9-08.vcxproj", "{4416629F-83ED-4CB4-AEDA-5FE719E642C8}"
EndProject
Project("{8BC9CEB8-8B4A-11D0-8D11-00A0C91BC942}") = "9-09", "9-09\9-09.vcxproj", "{B196381B-5E70-48F8-80BD-8BF402308F37}"
EndProject
Project("{8BC9CEB8-8B4A-11D0-8D11-00A0C91BC942}") = "9-10", "9-10\9-10.vcxproj", "{6F1A5DA8-F1F4-433E-9D13-4C37950FB66B}"
EndProject
Project("{8BC9CEB8-8B4A-11D0-8D11-00A0C91BC942}") = "9-11", "9-11\9-11.vcxproj", "{CFDE4C20-FB75-4C44-8DE7-156623199ACF}"
EndProject
Project("{8BC9CEB8-8B4A-11D0-8D11-00A0C91BC942}") = "9-12", "9-12\9-12.vcxproj", "{94FF3998-5B6F-4623-AD97-8B41FCD930E0}"
EndProject
Project("{8BC9CEB8-8B4A-11D0-8D11-00A0C91BC942}") = "9-13", "9-13\9-13.vcxproj", "{2B42D07D-5CC8-4761-838A-64121A6A4A15}"
EndProject
Project("{8BC9CEB8-8B4A-11D0-8D11-00A0C91BC942}") = "Lab9-1", "Lab9-1\Lab9-1.vcxproj", "{4620B65E-86F1-41C7-A8E4-7EE3950AEF0D}"
EndProject
Project("{8BC9CEB8-8B4A-11D0-8D11-00A0C91BC942}") = "Lab9-2", "Lab9-2\Lab9-2.vcxproj", "{97726EDF-C5D4-45CE-A79C-9EB2E19F0DAC}"
EndProject
Project("{8BC9CEB8-8B4A-11D0-8D11-00A0C91BC942}") = "Lab9-3", "Lab9-3\Lab9-3.vcxproj", "{9E546B3F-1B6F-433F-90D6-701C262F339B}"
EndProject
Project("{8BC9CEB8-8B4A-11D0-8D11-00A0C91BC942}") = "Lab9-4", "Lab9-4\Lab9-4.vcxproj", "{D28D32AD-63A2-4092-B3DB-AADF38CD6081}"
EndProject
Global
	GlobalSection(SolutionConfigurationPlatforms) = preSolution
		Debug|x64 = Debug|x64
		Debug|x86 = Debug|x86
		Release|x64 = Release|x64
		Release|x86 = Release|x86
	EndGlobalSection
	GlobalSection(ProjectConfigurationPlatforms) = postSolution
		{E133AAB7-DB53-4A77-B67C-C47FE96AA63F}.Debug|x64.ActiveCfg = Debug|x64
		{E133AAB7-DB53-4A77-B67C-C47FE96AA63F}.Debug|x64.Build.0 = Debug|x64
		{E133AAB7-DB53-4A77-B67C-C47FE96AA63F}.Debug|x86.ActiveCfg = Debug|Win32
		{E133AAB7-DB53-4A77-B67C-C47FE96AA63F}.Debug|x86.Build.0 = Debug|Win32
		{E133AAB7-DB53-4A77-B67C-C47FE96AA63F}.Release|x64.ActiveCfg = Release|x64
		{E133AAB7-DB53-4A77-B67C-C47FE96AA63F}.Release|x64.Build.0 = Release|x64
		{E133AAB7-DB53-4A77-B67C-C47FE96AA63F}.Release|x86.ActiveCfg = Release|Win32
		{E133AAB7-DB53-4A77-B67C-C47FE96AA63F}.Release|x86.Build.0 = Release|Win32
		{236951DF-E7FE-4876-AAB6-EC901D7182D4}.Debug|x64.ActiveCfg = Debug|x64
		{236951DF-E7FE-4876-AAB6-EC901D7182D4}.Debug|x64.Build.0 = Debug|x64
		{236951DF-E7FE-4876-AAB6-EC901D7182D4}.Debug|x86.ActiveCfg = Debug|Win32
		{236951DF-E7FE-4876-AAB6-EC901D7182D4}.Debug|x86.Build.0 = Debug|Win32
		{236951DF-E7FE-4876-AAB6-EC901D7182D4}.Release|x64.ActiveCfg = Release|x64
		{236951DF-E7FE-4876-AAB6-EC901D7182D4}.Release|x64.Build.0 = Release|x64
		{236951DF-E7FE-4876-AAB6-EC901D7182D4}.Release|x86.ActiveCfg = Release|Win32
		{236951DF-E7FE-4876-AAB6-EC901D7182D4}.Release|x86.Build.0 = Release|Win32
		{C7840071-BCA4-44D2-98AC-46CA4C8DDE11}.Debug|x64.ActiveCfg = Debug|x64
		{C7840071-BCA4-44D2-98AC-46CA4C8DDE11}.Debug|x64.Build.0 = Debug|x64
		{C7840071-BCA4-44D2-98AC-46CA4C8DDE11}.Debug|x86.ActiveCfg = Debug|Win32
		{C7840071-BCA4-44D2-98AC-46CA4C8DDE11}.Debug|x86.Build.0 = Debug|Win32
		{C7840071-BCA4-44D2-98AC-46CA4C8DDE11}.Release|x64.ActiveCfg = Release|x64
		{C7840071-BCA4-44D2-98AC-46CA4C8DDE11}.Release|x64.Build.0 = Release|x64
		{C7840071-BCA4-44D2-98AC-46CA4C8DDE11}.Release|x86.ActiveCfg = Release|Win32
		{C7840071-BCA4-44D2-98AC-46CA4C8DDE11}.Release|x86.Build.0 = Release|Win32
		{B4D7774A-5F00-4E18-BFC0-9C570867AE41}.Debug|x64.ActiveCfg = Debug|x64
		{B4D7774A-5F00-4E18-BFC0-9C570867AE41}.Debug|x64.Build.0 = Debug|x64
		{B4D7774A-5F00-4E18-BFC0-9C570867AE41}.Debug|x86.ActiveCfg = Debug|Win32
		{B4D7774A-5F00-4E18-BFC0-9C570867AE41}.Debug|x86.Build.0 = Debug|Win32
		{B4D7774A-5F00-4E18-BFC0-9C570867AE41}.Release|x64.ActiveCfg = Release|x64
		{B4D7774A-5F00-4E18-BFC0-9C570867AE41}.Release|x64.Build.0 = Release|x64
		{B4D7774A-5F00-4E18-BFC0-9C570867AE41}.Release|x86.ActiveCfg = Release|Win32
		{B4D7774A-5F00-4E18-BFC0-9C570867AE41}.Release|x86.Build.0 = Release|Win32
		{F08B7734-DE1E-4C04-B230-39FDD4C1C749}.Debug|x64.ActiveCfg = Debug|x64
		{F08B7734-DE1E-4C04-B230-39FDD4C1C749}.Debug|x64.Build.0 = Debug|x64
		{F08B7734-DE1E-4C04-B230-39FDD4C1C749}.Debug|x86.ActiveCfg = Debug|Win32
		{F08B7734-DE1E-4C04-B230-39FDD4C1C749}.Debug|x86.Build.0 = Debug|Win32
		{F08B7734-DE1E-4C04-B230-39FDD4C1C749}.Release|x64.ActiveCfg = Release|x64
		{F08B7734-DE1E-4C04-B230-39FDD4C1C749}.Release|x64.Build.0 = Release|x64
		{F08B7734-DE1E-4C04-B230-39FDD4C1C749}.Release|x86.ActiveCfg = Release|Win32
		{F08B7734-DE1E-4C04-B230-39FDD4C1C749}.Release|x86.Build.0 = Release|Win32
		{1FAD107F-7BC1-42C5-9251-B8816AE78FB7}.Debug|x64.ActiveCfg = Debug|x64
		{1FAD107F-7BC1-42C5-9251-B8816AE78FB7}.Debug|x64.Build.0 = Debug|x64
		{1FAD107F-7BC1-42C5-9251-B8816AE78FB7}.Debug|x86.ActiveCfg = Debug|Win32
		{1FAD107F-7BC1-42C5-9251-B8816AE78FB7}.Debug|x86.Build.0 = Debug|Win32
		{1FAD107F-7BC1-42C5-9251-B8816AE78FB7}.Release|x64.ActiveCfg = Release|x64
		{1FAD107F-7BC1-42C5-9251-B8816AE78FB7}.Release|x64.Build.0 = Release|x64
		{1FAD107F-7BC1-42C5-9251-B8816AE78FB7}.Release|x86.ActiveCfg = Release|Win32
		{1FAD107F-7BC1-42C5-9251-B8816AE78FB7}.Release|x86.Build.0 = Release|Win32
		{86975D21-0B48-425E-A432-0C223FF1C3CA}.Debug|x64.ActiveCfg = Debug|x64
		{86975D21-0B48-425E-A432-0C223FF1C3CA}.Debug|x64.Build.0 = Debug|x64
		{86975D21-0B48-425E-A432-0C223FF1C3CA}.Debug|x86.ActiveCfg = Debug|Win32
		{86975D21-0B48-425E-A432-0C223FF1C3CA}.Debug|x86.Build.0 = Debug|Win32
		{86975D21-0B48-425E-A432-0C223FF1C3CA}.Release|x64.ActiveCfg = Release|x64
		{86975D21-0B48-425E-A432-0C223FF1C3CA}.Release|x64.Build.0 = Release|x64
		{86975D21-0B48-425E-A432-0C223FF1C3CA}.Release|x86.ActiveCfg = Release|Win32
		{86975D21-0B48-425E-A432-0C223FF1C3CA}.Release|x86.Build.0 = Release|Win32
		{4416629F-83ED-4CB4-AEDA-5FE719E642C8}.Debug|x64.ActiveCfg = Debug|x64
		{4416629F-83ED-4CB4-AEDA-5FE719E642C8}.Debug|x64.Build.0 = Debug|x64
		{4416629F-83ED-4CB4-AEDA-5FE719E642C8}.Debug|x86.ActiveCfg = Debug|Win32
		{4416629F-83ED-4CB4-AEDA-5FE719E642C8}.Debug|x86.Build.0 = Debug|Win32
		{4416629F-83ED-4CB4-AEDA-5FE719E642C8}.Release|x64.ActiveCfg = Release|x64
		{4416629F-83ED-4CB4-AEDA-5FE719E642C8}.Release|x64.Build.0 = Release|x64
		{4416629F-83ED-4CB4-AEDA-5FE719E642C8}.Release|x86.ActiveCfg = Release|Win32
		{4416629F-83ED-4CB4-AEDA-5FE719E642C8}.Release|x86.Build.0 = Release|Win32
		{B196381B-5E70-48F8-80BD-8BF402308F37}.Debug|x64.ActiveCfg = Debug|x64
		{B196381B-5E70-48F8-80BD-8BF402308F37}.Debug|x64.Build.0 = Debug|x64
		{B196381B-5E70-48F8-80BD-8BF402308F37}.Debug|x86.ActiveCfg = Debug|Win32
		{B196381B-5E70-48F8-80BD-8BF402308F37}.Debug|x86.Build.0 = Debug|Win32
		{B196381B-5E70-48F8-80BD-8BF402308F37}.Release|x64.ActiveCfg = Release|x64
		{B196381B-5E70-48F8-80BD-8BF402308F37}.Release|x64.Build.0 = Release|x64
		{B196381B-5E70-48F8-80BD-8BF402308F37}.Release|x86.ActiveCfg = Release|Win32
		{B196381B-5E70-48F8-80BD-8BF402308F37}.Release|x86.Build.0 = Release|Win32
		{6F1A5DA8-F1F4-433E-9D13-4C37950FB66B}.Debug|x64.ActiveCfg = Debug|x64
		{6F1A5DA8-F1F4-433E-9D13-4C37950FB66B}.Debug|x64.Build.0 = Debug|x64
		{6F1A5DA8-F1F4-433E-9D13-4C37950FB66B}.Debug|x86.ActiveCfg = Debug|Win32
		{6F1A5DA8-F1F4-433E-9D13-4C37950FB66B}.Debug|x86.Build.0 = Debug|Win32
		{6F1A5DA8-F1F4-433E-9D13-4C37950FB66B}.Release|x64.ActiveCfg = Release|x64
		{6F1A5DA8-F1F4-433E-9D13-4C37950FB66B}.Release|x64.Build.0 = Release|x64
		{6F1A5DA8-F1F4-433E-9D13-4C37950FB66B}.Release|x86.ActiveCfg = Release|Win32
		{6F1A5DA8-F1F4-433E-9D13-4C37950FB66B}.Release|x86.Build.0 = Release|Win32
		{CFDE4C20-FB75-4C44-8DE7-156623199ACF}.Debug|x64.ActiveCfg = Debug|x64
		{CFDE4C20-FB75-4C44-8DE7-156623199ACF}.Debug|x64.Build.0 = Debug|x64
		{CFDE4C20-FB75-4C44-8DE7-156623199ACF}.Debug|x86.ActiveCfg = Debug|Win32
		{CFDE4C20-FB75-4C44-8DE7-156623199ACF}.Debug|x86.Build.0 = Debug|Win32
		{CFDE4C20-FB75-4C44-8DE7-156623199ACF}.Release|x64.ActiveCfg = Release|x64
		{CFDE4C20-FB75-4C44-8DE7-156623199ACF}.Release|x64.Build.0 = Release|x64
		{CFDE4C20-FB75-4C44-8DE7-156623199ACF}.Release|x86.ActiveCfg = Release|Win32
		{CFDE4C20-FB75-4C44-8DE7-156623199ACF}.Release|x86.Build.0 = Release|Win32
		{94FF3998-5B6F-4623-AD97-8B41FCD930E0}.Debug|x64.ActiveCfg = Debug|x64
		{94FF3998-5B6F-4623-AD97-8B41FCD930E0}.Debug|x64.Build.0 = Debug|x64
		{94FF3998-5B6F-4623-AD97-8B41FCD930E0}.Debug|x86.ActiveCfg = Debug|Win32
		{94FF3998-5B6F-4623-AD97-8B41FCD930E0}.Debug|x86.Build.0 = Debug|Win32
		{94FF3998-5B6F-4623-AD97-8B41FCD930E0}.Release|x64.ActiveCfg = Release|x64
		{94FF3998-5B6F-4623-AD97-8B41FCD930E0}.Release|x64.Build.0 = Release|x64
		{94FF3998-5B6F-4623-AD97-8B41FCD930E0}.Release|x86.ActiveCfg = Release|Win32
		{94FF3998-5B6F-4623-AD97-8B41FCD930E0}.Release|x86.Build.0 = Release|Win32
		{2B42D07D-5CC8-4761-838A-64121A6A4A15}.Debug|x64.ActiveCfg = Debug|x64
		{2B42D07D-5CC8-4761-838A-64121A6A4A15}.Debug|x64.Build.0 = Debug|x64
		{2B42D07D-5CC8-4761-838A-64121A6A4A15}.Debug|x86.ActiveCfg = Debug|Win32
		{2B42D07D-5CC8-4761-838A-64121A6A4A15}.Debug|x86.Build.0 = Debug|Win32
		{2B42D07D-5CC8-4761-838A-64121A6A4A15}.Release|x64.ActiveCfg = Release|x64
		{2B42D07D-5CC8-4761-838A-64121A6A4A15}.Release|x64.Build.0 = Release|x64
		{2B42D07D-5CC8-4761-838A-64121A6A4A15}.Release|x86.ActiveCfg = Release|Win32
		{2B42D07D-5CC8-4761-838A-64121A6A4A15}.Release|x86.Build.0 = Release|Win32
		{4620B65E-86F1-41C7-A8E4-7EE3950AEF0D}.Debug|x64.ActiveCfg = Debug|x64
		{4620B65E-86F1-41C7-A8E4-7EE3950AEF0D}.Debug|x64.Build.0 = Debug|x64
		{4620B65E-86F1-41C7-A8E4-7EE3950AEF0D}.Debug|x86.ActiveCfg = Debug|Win32
		{4620B65E-86F1-41C7-A8E4-7EE3950AEF0D}.Debug|x86.Build.0 = Debug|Win32
		{4620B65E-86F1-41C7-A8E4-7EE3950AEF0D}.Release|x64.ActiveCfg = Release|x64
		{4620B65E-86F1-41C7-A8E4-7EE3950AEF0D}.Release|x64.Build.0 = Release|x64
		{4620B65E-86F1-41C7-A8E4-7EE3950AEF0D}.Release|x86.ActiveCfg = Release|Win32
		{4620B65E-86F1-41C7-A8E4-7EE3950AEF0D}.Release|x86.Build.0 = Release|Win32
		{97726EDF-C5D4-45CE-A79C-9EB2E19F0DAC}.Debug|x64.ActiveCfg = Debug|x64
		{97726EDF-C5D4-45CE-A79C-9EB2E19F0DAC}.Debug|x64.Build.0 = Debug|x64
		{97726EDF-C5D4-45CE-A79C-9EB2E19F0DAC}.Debug|x86.ActiveCfg = Debug|Win32
		{97726EDF-C5D4-45CE-A79C-9EB2E19F0DAC}.Debug|x86.Build.0 = Debug|Win32
		{97726EDF-C5D4-45CE-A79C-9EB2E19F0DAC}.Release|x64.ActiveCfg = Release|x64
		{97726EDF-C5D4-45CE-A79C-9EB2E19F0DAC}.Release|x64.Build.0 = Release|x64
		{97726EDF-C5D4-45CE-A79C-9EB2E19F0DAC}.Release|x86.ActiveCfg = Release|Win32
		{97726EDF-C5D4-45CE-A79C-9EB2E19F0DAC}.Release|x86.Build.0 = Release|Win32
		{9E546B3F-1B6F-433F-90D6-701C262F339B}.Debug|x64.ActiveCfg = Debug|x64
		{9E546B3F-1B6F-433F-90D6-701C262F339B}.Debug|x64.Build.0 = Debug|x64
		{9E546B3F-1B6F-433F-90D6-701C262F339B}.Debug|x86.ActiveCfg = Debug|Win32
		{9E546B3F-1B6F-433F-90D6-701C262F339B}.Debug|x86.Build.0 = Debug|Win32
		{9E546B3F-1B6F-433F-90D6-701C262F339B}.Release|x64.ActiveCfg = Release|x64
		{9E546B3F-1B6F-433F-90D6-701C262F339B}.Release|x64.Build.0 = Release|x64
		{9E546B3F-1B6F-433F-90D6-701C262F339B}.Release|x86.ActiveCfg = Release|Win32
		{9E546B3F-1B6F-433F-90D6-701C262F339B}.Release|x86.Build.0 = Release|Win32
		{D28D32AD-63A2-4092-B3DB-AADF38CD6081}.Debug|x64.ActiveCfg = Debug|x64
		{D28D32AD-63A2-4092-B3DB-AADF38CD6081}.Debug|x64.Build.0 = Debug|x64
		{D28D32AD-63A2-4092-B3DB-AADF38CD6081}.Debug|x86.ActiveCfg = Debug|Win32
		{D28D32AD-63A2-4092-B3DB-AADF38CD6081}.Debug|x86.Build.0 = Debug|Win32
		{D28D32AD-63A2-4092-B3DB-AADF38CD6081}.Release|x64.ActiveCfg = Release|x64
		{D28D32AD-63A2-4092-B3DB-AADF38CD6081}.Release|x64.Build.0 = Release|x64
		{D28D32AD-63A2-4092-B3DB-AADF38CD6081}.Release|x86.ActiveCfg = Release|Win32
		{D28D32AD-63A2-4092-B3DB-AADF38CD6081}.Release|x86.Build.0 = Release|Win32
	EndGlobalSection
	GlobalSection(SolutionProperties) = preSolution
		HideSolutionNode = FALSE
	EndGlobalSection
EndGlobal
