
Microsoft Visual Studio Solution File, Format Version 12.00
# Visual Studio 14
VisualStudioVersion = 14.0.25420.1
MinimumVisualStudioVersion = 10.0.40219.1
Project("{8BC9CEB8-8B4A-11D0-8D11-00A0C91BC942}") = "8-01", "8-01\8-01.vcxproj", "{D39E687C-52D2-466A-AB78-1F42D97390B8}"
EndProject
Project("{8BC9CEB8-8B4A-11D0-8D11-00A0C91BC942}") = "8-02", "8-02\8-02.vcxproj", "{7D1FD3DF-A329-44DE-A27B-F2448495B441}"
EndProject
Project("{8BC9CEB8-8B4A-11D0-8D11-00A0C91BC942}") = "8-03", "8-03\8-03.vcxproj", "{C3F34308-3826-477B-BB6F-5DFED6C17B7F}"
EndProject
Project("{8BC9CEB8-8B4A-11D0-8D11-00A0C91BC942}") = "8-04", "8-04\8-04.vcxproj", "{B40DC762-A984-4FAE-AD57-CAB8A192D037}"
EndProject
Project("{8BC9CEB8-8B4A-11D0-8D11-00A0C91BC942}") = "8-05", "8-05\8-05.vcxproj", "{0222A4B2-483C-4222-A3A2-D15FFE147225}"
EndProject
Project("{8BC9CEB8-8B4A-11D0-8D11-00A0C91BC942}") = "8-06", "8-06\8-06.vcxproj", "{A6E5E1F5-0B77-457B-99BF-55E411AAA90C}"
EndProject
Project("{8BC9CEB8-8B4A-11D0-8D11-00A0C91BC942}") = "8-07", "8-07\8-07.vcxproj", "{00EE90B6-40E9-4DEF-AFB2-013CA9867219}"
EndProject
Project("{8BC9CEB8-8B4A-11D0-8D11-00A0C91BC942}") = "8-09", "8-09\8-09.vcxproj", "{763AED02-9370-4DFA-BA08-126B8B99745F}"
EndProject
Project("{8BC9CEB8-8B4A-11D0-8D11-00A0C91BC942}") = "8-08", "8-08\8-08.vcxproj", "{60E36EAB-2164-4865-9637-F73B5B3D6590}"
EndProject
Project("{8BC9CEB8-8B4A-11D0-8D11-00A0C91BC942}") = "8-10", "8-10\8-10.vcxproj", "{C9F2FF2E-F3DE-4523-A8A2-32B8A38B1CF3}"
EndProject
Project("{8BC9CEB8-8B4A-11D0-8D11-00A0C91BC942}") = "Lab8-1", "Lab8-1\Lab8-1.vcxproj", "{31E9C6EA-EA3B-4AE5-9005-6EB6CF710353}"
EndProject
Project("{8BC9CEB8-8B4A-11D0-8D11-00A0C91BC942}") = "Lab8-2", "Lab8-2\Lab8-2.vcxproj", "{4717AB43-C0CA-45CF-88ED-EAC522E47D85}"
EndProject
Project("{8BC9CEB8-8B4A-11D0-8D11-00A0C91BC942}") = "Lab8-3", "Lab8-3\Lab8-3.vcxproj", "{11523DB7-98DC-43E9-88B7-24BCD2959C21}"
EndProject
Global
	GlobalSection(SolutionConfigurationPlatforms) = preSolution
		Debug|x64 = Debug|x64
		Debug|x86 = Debug|x86
		Release|x64 = Release|x64
		Release|x86 = Release|x86
	EndGlobalSection
	GlobalSection(ProjectConfigurationPlatforms) = postSolution
		{D39E687C-52D2-466A-AB78-1F42D97390B8}.Debug|x64.ActiveCfg = Debug|x64
		{D39E687C-52D2-466A-AB78-1F42D97390B8}.Debug|x64.Build.0 = Debug|x64
		{D39E687C-52D2-466A-AB78-1F42D97390B8}.Debug|x86.ActiveCfg = Debug|Win32
		{D39E687C-52D2-466A-AB78-1F42D97390B8}.Debug|x86.Build.0 = Debug|Win32
		{D39E687C-52D2-466A-AB78-1F42D97390B8}.Release|x64.ActiveCfg = Release|x64
		{D39E687C-52D2-466A-AB78-1F42D97390B8}.Release|x64.Build.0 = Release|x64
		{D39E687C-52D2-466A-AB78-1F42D97390B8}.Release|x86.ActiveCfg = Release|Win32
		{D39E687C-52D2-466A-AB78-1F42D97390B8}.Release|x86.Build.0 = Release|Win32
		{7D1FD3DF-A329-44DE-A27B-F2448495B441}.Debug|x64.ActiveCfg = Debug|x64
		{7D1FD3DF-A329-44DE-A27B-F2448495B441}.Debug|x64.Build.0 = Debug|x64
		{7D1FD3DF-A329-44DE-A27B-F2448495B441}.Debug|x86.ActiveCfg = Debug|Win32
		{7D1FD3DF-A329-44DE-A27B-F2448495B441}.Debug|x86.Build.0 = Debug|Win32
		{7D1FD3DF-A329-44DE-A27B-F2448495B441}.Release|x64.ActiveCfg = Release|x64
		{7D1FD3DF-A329-44DE-A27B-F2448495B441}.Release|x64.Build.0 = Release|x64
		{7D1FD3DF-A329-44DE-A27B-F2448495B441}.Release|x86.ActiveCfg = Release|Win32
		{7D1FD3DF-A329-44DE-A27B-F2448495B441}.Release|x86.Build.0 = Release|Win32
		{C3F34308-3826-477B-BB6F-5DFED6C17B7F}.Debug|x64.ActiveCfg = Debug|x64
		{C3F34308-3826-477B-BB6F-5DFED6C17B7F}.Debug|x64.Build.0 = Debug|x64
		{C3F34308-3826-477B-BB6F-5DFED6C17B7F}.Debug|x86.ActiveCfg = Debug|Win32
		{C3F34308-3826-477B-BB6F-5DFED6C17B7F}.Debug|x86.Build.0 = Debug|Win32
		{C3F34308-3826-477B-BB6F-5DFED6C17B7F}.Release|x64.ActiveCfg = Release|x64
		{C3F34308-3826-477B-BB6F-5DFED6C17B7F}.Release|x64.Build.0 = Release|x64
		{C3F34308-3826-477B-BB6F-5DFED6C17B7F}.Release|x86.ActiveCfg = Release|Win32
		{C3F34308-3826-477B-BB6F-5DFED6C17B7F}.Release|x86.Build.0 = Release|Win32
		{B40DC762-A984-4FAE-AD57-CAB8A192D037}.Debug|x64.ActiveCfg = Debug|x64
		{B40DC762-A984-4FAE-AD57-CAB8A192D037}.Debug|x64.Build.0 = Debug|x64
		{B40DC762-A984-4FAE-AD57-CAB8A192D037}.Debug|x86.ActiveCfg = Debug|Win32
		{B40DC762-A984-4FAE-AD57-CAB8A192D037}.Debug|x86.Build.0 = Debug|Win32
		{B40DC762-A984-4FAE-AD57-CAB8A192D037}.Release|x64.ActiveCfg = Release|x64
		{B40DC762-A984-4FAE-AD57-CAB8A192D037}.Release|x64.Build.0 = Release|x64
		{B40DC762-A984-4FAE-AD57-CAB8A192D037}.Release|x86.ActiveCfg = Release|Win32
		{B40DC762-A984-4FAE-AD57-CAB8A192D037}.Release|x86.Build.0 = Release|Win32
		{0222A4B2-483C-4222-A3A2-D15FFE147225}.Debug|x64.ActiveCfg = Debug|x64
		{0222A4B2-483C-4222-A3A2-D15FFE147225}.Debug|x64.Build.0 = Debug|x64
		{0222A4B2-483C-4222-A3A2-D15FFE147225}.Debug|x86.ActiveCfg = Debug|Win32
		{0222A4B2-483C-4222-A3A2-D15FFE147225}.Debug|x86.Build.0 = Debug|Win32
		{0222A4B2-483C-4222-A3A2-D15FFE147225}.Release|x64.ActiveCfg = Release|x64
		{0222A4B2-483C-4222-A3A2-D15FFE147225}.Release|x64.Build.0 = Release|x64
		{0222A4B2-483C-4222-A3A2-D15FFE147225}.Release|x86.ActiveCfg = Release|Win32
		{0222A4B2-483C-4222-A3A2-D15FFE147225}.Release|x86.Build.0 = Release|Win32
		{A6E5E1F5-0B77-457B-99BF-55E411AAA90C}.Debug|x64.ActiveCfg = Debug|x64
		{A6E5E1F5-0B77-457B-99BF-55E411AAA90C}.Debug|x64.Build.0 = Debug|x64
		{A6E5E1F5-0B77-457B-99BF-55E411AAA90C}.Debug|x86.ActiveCfg = Debug|Win32
		{A6E5E1F5-0B77-457B-99BF-55E411AAA90C}.Debug|x86.Build.0 = Debug|Win32
		{A6E5E1F5-0B77-457B-99BF-55E411AAA90C}.Release|x64.ActiveCfg = Release|x64
		{A6E5E1F5-0B77-457B-99BF-55E411AAA90C}.Release|x64.Build.0 = Release|x64
		{A6E5E1F5-0B77-457B-99BF-55E411AAA90C}.Release|x86.ActiveCfg = Release|Win32
		{A6E5E1F5-0B77-457B-99BF-55E411AAA90C}.Release|x86.Build.0 = Release|Win32
		{00EE90B6-40E9-4DEF-AFB2-013CA9867219}.Debug|x64.ActiveCfg = Debug|x64
		{00EE90B6-40E9-4DEF-AFB2-013CA9867219}.Debug|x64.Build.0 = Debug|x64
		{00EE90B6-40E9-4DEF-AFB2-013CA9867219}.Debug|x86.ActiveCfg = Debug|Win32
		{00EE90B6-40E9-4DEF-AFB2-013CA9867219}.Debug|x86.Build.0 = Debug|Win32
		{00EE90B6-40E9-4DEF-AFB2-013CA9867219}.Release|x64.ActiveCfg = Release|x64
		{00EE90B6-40E9-4DEF-AFB2-013CA9867219}.Release|x64.Build.0 = Release|x64
		{00EE90B6-40E9-4DEF-AFB2-013CA9867219}.Release|x86.ActiveCfg = Release|Win32
		{00EE90B6-40E9-4DEF-AFB2-013CA9867219}.Release|x86.Build.0 = Release|Win32
		{763AED02-9370-4DFA-BA08-126B8B99745F}.Debug|x64.ActiveCfg = Debug|x64
		{763AED02-9370-4DFA-BA08-126B8B99745F}.Debug|x64.Build.0 = Debug|x64
		{763AED02-9370-4DFA-BA08-126B8B99745F}.Debug|x86.ActiveCfg = Debug|Win32
		{763AED02-9370-4DFA-BA08-126B8B99745F}.Debug|x86.Build.0 = Debug|Win32
		{763AED02-9370-4DFA-BA08-126B8B99745F}.Release|x64.ActiveCfg = Release|x64
		{763AED02-9370-4DFA-BA08-126B8B99745F}.Release|x64.Build.0 = Release|x64
		{763AED02-9370-4DFA-BA08-126B8B99745F}.Release|x86.ActiveCfg = Release|Win32
		{763AED02-9370-4DFA-BA08-126B8B99745F}.Release|x86.Build.0 = Release|Win32
		{60E36EAB-2164-4865-9637-F73B5B3D6590}.Debug|x64.ActiveCfg = Debug|x64
		{60E36EAB-2164-4865-9637-F73B5B3D6590}.Debug|x64.Build.0 = Debug|x64
		{60E36EAB-2164-4865-9637-F73B5B3D6590}.Debug|x86.ActiveCfg = Debug|Win32
		{60E36EAB-2164-4865-9637-F73B5B3D6590}.Debug|x86.Build.0 = Debug|Win32
		{60E36EAB-2164-4865-9637-F73B5B3D6590}.Release|x64.ActiveCfg = Release|x64
		{60E36EAB-2164-4865-9637-F73B5B3D6590}.Release|x64.Build.0 = Release|x64
		{60E36EAB-2164-4865-9637-F73B5B3D6590}.Release|x86.ActiveCfg = Release|Win32
		{60E36EAB-2164-4865-9637-F73B5B3D6590}.Release|x86.Build.0 = Release|Win32
		{C9F2FF2E-F3DE-4523-A8A2-32B8A38B1CF3}.Debug|x64.ActiveCfg = Debug|x64
		{C9F2FF2E-F3DE-4523-A8A2-32B8A38B1CF3}.Debug|x64.Build.0 = Debug|x64
		{C9F2FF2E-F3DE-4523-A8A2-32B8A38B1CF3}.Debug|x86.ActiveCfg = Debug|Win32
		{C9F2FF2E-F3DE-4523-A8A2-32B8A38B1CF3}.Debug|x86.Build.0 = Debug|Win32
		{C9F2FF2E-F3DE-4523-A8A2-32B8A38B1CF3}.Release|x64.ActiveCfg = Release|x64
		{C9F2FF2E-F3DE-4523-A8A2-32B8A38B1CF3}.Release|x64.Build.0 = Release|x64
		{C9F2FF2E-F3DE-4523-A8A2-32B8A38B1CF3}.Release|x86.ActiveCfg = Release|Win32
		{C9F2FF2E-F3DE-4523-A8A2-32B8A38B1CF3}.Release|x86.Build.0 = Release|Win32
		{31E9C6EA-EA3B-4AE5-9005-6EB6CF710353}.Debug|x64.ActiveCfg = Debug|x64
		{31E9C6EA-EA3B-4AE5-9005-6EB6CF710353}.Debug|x64.Build.0 = Debug|x64
		{31E9C6EA-EA3B-4AE5-9005-6EB6CF710353}.Debug|x86.ActiveCfg = Debug|Win32
		{31E9C6EA-EA3B-4AE5-9005-6EB6CF710353}.Debug|x86.Build.0 = Debug|Win32
		{31E9C6EA-EA3B-4AE5-9005-6EB6CF710353}.Release|x64.ActiveCfg = Release|x64
		{31E9C6EA-EA3B-4AE5-9005-6EB6CF710353}.Release|x64.Build.0 = Release|x64
		{31E9C6EA-EA3B-4AE5-9005-6EB6CF710353}.Release|x86.ActiveCfg = Release|Win32
		{31E9C6EA-EA3B-4AE5-9005-6EB6CF710353}.Release|x86.Build.0 = Release|Win32
		{4717AB43-C0CA-45CF-88ED-EAC522E47D85}.Debug|x64.ActiveCfg = Debug|x64
		{4717AB43-C0CA-45CF-88ED-EAC522E47D85}.Debug|x64.Build.0 = Debug|x64
		{4717AB43-C0CA-45CF-88ED-EAC522E47D85}.Debug|x86.ActiveCfg = Debug|Win32
		{4717AB43-C0CA-45CF-88ED-EAC522E47D85}.Debug|x86.Build.0 = Debug|Win32
		{4717AB43-C0CA-45CF-88ED-EAC522E47D85}.Release|x64.ActiveCfg = Release|x64
		{4717AB43-C0CA-45CF-88ED-EAC522E47D85}.Release|x64.Build.0 = Release|x64
		{4717AB43-C0CA-45CF-88ED-EAC522E47D85}.Release|x86.ActiveCfg = Release|Win32
		{4717AB43-C0CA-45CF-88ED-EAC522E47D85}.Release|x86.Build.0 = Release|Win32
		{11523DB7-98DC-43E9-88B7-24BCD2959C21}.Debug|x64.ActiveCfg = Debug|x64
		{11523DB7-98DC-43E9-88B7-24BCD2959C21}.Debug|x64.Build.0 = Debug|x64
		{11523DB7-98DC-43E9-88B7-24BCD2959C21}.Debug|x86.ActiveCfg = Debug|Win32
		{11523DB7-98DC-43E9-88B7-24BCD2959C21}.Debug|x86.Build.0 = Debug|Win32
		{11523DB7-98DC-43E9-88B7-24BCD2959C21}.Release|x64.ActiveCfg = Release|x64
		{11523DB7-98DC-43E9-88B7-24BCD2959C21}.Release|x64.Build.0 = Release|x64
		{11523DB7-98DC-43E9-88B7-24BCD2959C21}.Release|x86.ActiveCfg = Release|Win32
		{11523DB7-98DC-43E9-88B7-24BCD2959C21}.Release|x86.Build.0 = Release|Win32
	EndGlobalSection
	GlobalSection(SolutionProperties) = preSolution
		HideSolutionNode = FALSE
	EndGlobalSection
EndGlobal
