
Microsoft Visual Studio Solution File, Format Version 12.00
# Visual Studio 14
VisualStudioVersion = 14.0.25420.1
MinimumVisualStudioVersion = 10.0.40219.1
Project("{8BC9CEB8-8B4A-11D0-8D11-00A0C91BC942}") = "Prj5-01", "Prj5-01\Prj5-01.vcxproj", "{ED050ECC-0B17-4F72-9A56-05F59B5340D8}"
EndProject
Project("{8BC9CEB8-8B4A-11D0-8D11-00A0C91BC942}") = "Prj5-02", "Prj5-02\Prj5-02.vcxproj", "{F4631094-3737-4FB4-8CDE-FA8CE99DDA24}"
EndProject
Project("{8BC9CEB8-8B4A-11D0-8D11-00A0C91BC942}") = "Prj5-03", "Prj5-03\Prj5-03.vcxproj", "{3E3AB58E-96C0-42DF-8839-FBD32781178E}"
EndProject
Project("{8BC9CEB8-8B4A-11D0-8D11-00A0C91BC942}") = "Prj5-04", "Prj5-04\Prj5-04.vcxproj", "{0C9F86F2-ADCD-4E2C-AF61-8B52D65C43DC}"
EndProject
Project("{8BC9CEB8-8B4A-11D0-8D11-00A0C91BC942}") = "Lab5-1", "Lab5-1\Lab5-1.vcxproj", "{EC5876BE-E156-4C42-AF21-7E35A5FA7516}"
EndProject
Project("{8BC9CEB8-8B4A-11D0-8D11-00A0C91BC942}") = "Prj5-05", "Prj5-05\Prj5-05.vcxproj", "{70EC3D80-9489-4983-87F7-B20DF5519880}"
EndProject
Project("{8BC9CEB8-8B4A-11D0-8D11-00A0C91BC942}") = "Prj5-06", "Prj5-06\Prj5-06.vcxproj", "{6C331298-55BF-4249-980C-1471400BEE0F}"
EndProject
Project("{8BC9CEB8-8B4A-11D0-8D11-00A0C91BC942}") = "Prj5-07", "Prj5-07\Prj5-07.vcxproj", "{531A80AF-5F75-47CD-AD11-E0392FE0CDE0}"
EndProject
Project("{8BC9CEB8-8B4A-11D0-8D11-00A0C91BC942}") = "Prj5-08", "Prj5-08\Prj5-08.vcxproj", "{9C3726B9-7EC2-4361-B6FB-19C1EEDF3E92}"
EndProject
Project("{8BC9CEB8-8B4A-11D0-8D11-00A0C91BC942}") = "Prj5-09", "Prj5-09\Prj5-09.vcxproj", "{0D2CA533-EC18-47C1-9033-FF593CD6E9E5}"
EndProject
Project("{8BC9CEB8-8B4A-11D0-8D11-00A0C91BC942}") = "Prj5-10", "Prj5-10\Prj5-10.vcxproj", "{CE476AAE-BA9D-4084-8DDA-7A1FBE7EC75F}"
EndProject
Project("{8BC9CEB8-8B4A-11D0-8D11-00A0C91BC942}") = "Lab5-2", "Lab5-2\Lab5-2.vcxproj", "{316805FF-63F7-4841-8AC9-759AC48DFFD9}"
EndProject
Project("{8BC9CEB8-8B4A-11D0-8D11-00A0C91BC942}") = "Prj5-11", "Prj5-11\Prj5-11.vcxproj", "{ACBDD40C-D664-4D59-8D50-245C80686075}"
EndProject
Project("{8BC9CEB8-8B4A-11D0-8D11-00A0C91BC942}") = "Prj5-12", "Prj5-12\Prj5-12.vcxproj", "{425A47EE-6246-43A2-AAD0-8084A1EE8A38}"
EndProject
Project("{8BC9CEB8-8B4A-11D0-8D11-00A0C91BC942}") = "Prj5-13", "Prj5-13\Prj5-13.vcxproj", "{B9CAF8D8-2993-4323-AC65-38630A49910E}"
EndProject
Project("{8BC9CEB8-8B4A-11D0-8D11-00A0C91BC942}") = "Prj5-14", "Prj5-14\Prj5-14.vcxproj", "{506A2B69-0215-419A-AFB6-ABDDEF183444}"
EndProject
Project("{8BC9CEB8-8B4A-11D0-8D11-00A0C91BC942}") = "Lab5-3", "Lab5-3\Lab5-3.vcxproj", "{807A0A1B-E9ED-40CB-A13D-F7C947C82B19}"
EndProject
Global
	GlobalSection(SolutionConfigurationPlatforms) = preSolution
		Debug|x64 = Debug|x64
		Debug|x86 = Debug|x86
		Release|x64 = Release|x64
		Release|x86 = Release|x86
	EndGlobalSection
	GlobalSection(ProjectConfigurationPlatforms) = postSolution
		{ED050ECC-0B17-4F72-9A56-05F59B5340D8}.Debug|x64.ActiveCfg = Debug|x64
		{ED050ECC-0B17-4F72-9A56-05F59B5340D8}.Debug|x64.Build.0 = Debug|x64
		{ED050ECC-0B17-4F72-9A56-05F59B5340D8}.Debug|x86.ActiveCfg = Debug|Win32
		{ED050ECC-0B17-4F72-9A56-05F59B5340D8}.Debug|x86.Build.0 = Debug|Win32
		{ED050ECC-0B17-4F72-9A56-05F59B5340D8}.Release|x64.ActiveCfg = Release|x64
		{ED050ECC-0B17-4F72-9A56-05F59B5340D8}.Release|x64.Build.0 = Release|x64
		{ED050ECC-0B17-4F72-9A56-05F59B5340D8}.Release|x86.ActiveCfg = Release|Win32
		{ED050ECC-0B17-4F72-9A56-05F59B5340D8}.Release|x86.Build.0 = Release|Win32
		{F4631094-3737-4FB4-8CDE-FA8CE99DDA24}.Debug|x64.ActiveCfg = Debug|x64
		{F4631094-3737-4FB4-8CDE-FA8CE99DDA24}.Debug|x64.Build.0 = Debug|x64
		{F4631094-3737-4FB4-8CDE-FA8CE99DDA24}.Debug|x86.ActiveCfg = Debug|Win32
		{F4631094-3737-4FB4-8CDE-FA8CE99DDA24}.Debug|x86.Build.0 = Debug|Win32
		{F4631094-3737-4FB4-8CDE-FA8CE99DDA24}.Release|x64.ActiveCfg = Release|x64
		{F4631094-3737-4FB4-8CDE-FA8CE99DDA24}.Release|x64.Build.0 = Release|x64
		{F4631094-3737-4FB4-8CDE-FA8CE99DDA24}.Release|x86.ActiveCfg = Release|Win32
		{F4631094-3737-4FB4-8CDE-FA8CE99DDA24}.Release|x86.Build.0 = Release|Win32
		{3E3AB58E-96C0-42DF-8839-FBD32781178E}.Debug|x64.ActiveCfg = Debug|x64
		{3E3AB58E-96C0-42DF-8839-FBD32781178E}.Debug|x64.Build.0 = Debug|x64
		{3E3AB58E-96C0-42DF-8839-FBD32781178E}.Debug|x86.ActiveCfg = Debug|Win32
		{3E3AB58E-96C0-42DF-8839-FBD32781178E}.Debug|x86.Build.0 = Debug|Win32
		{3E3AB58E-96C0-42DF-8839-FBD32781178E}.Release|x64.ActiveCfg = Release|x64
		{3E3AB58E-96C0-42DF-8839-FBD32781178E}.Release|x64.Build.0 = Release|x64
		{3E3AB58E-96C0-42DF-8839-FBD32781178E}.Release|x86.ActiveCfg = Release|Win32
		{3E3AB58E-96C0-42DF-8839-FBD32781178E}.Release|x86.Build.0 = Release|Win32
		{0C9F86F2-ADCD-4E2C-AF61-8B52D65C43DC}.Debug|x64.ActiveCfg = Debug|x64
		{0C9F86F2-ADCD-4E2C-AF61-8B52D65C43DC}.Debug|x64.Build.0 = Debug|x64
		{0C9F86F2-ADCD-4E2C-AF61-8B52D65C43DC}.Debug|x86.ActiveCfg = Debug|Win32
		{0C9F86F2-ADCD-4E2C-AF61-8B52D65C43DC}.Debug|x86.Build.0 = Debug|Win32
		{0C9F86F2-ADCD-4E2C-AF61-8B52D65C43DC}.Release|x64.ActiveCfg = Release|x64
		{0C9F86F2-ADCD-4E2C-AF61-8B52D65C43DC}.Release|x64.Build.0 = Release|x64
		{0C9F86F2-ADCD-4E2C-AF61-8B52D65C43DC}.Release|x86.ActiveCfg = Release|Win32
		{0C9F86F2-ADCD-4E2C-AF61-8B52D65C43DC}.Release|x86.Build.0 = Release|Win32
		{EC5876BE-E156-4C42-AF21-7E35A5FA7516}.Debug|x64.ActiveCfg = Debug|x64
		{EC5876BE-E156-4C42-AF21-7E35A5FA7516}.Debug|x64.Build.0 = Debug|x64
		{EC5876BE-E156-4C42-AF21-7E35A5FA7516}.Debug|x86.ActiveCfg = Debug|Win32
		{EC5876BE-E156-4C42-AF21-7E35A5FA7516}.Debug|x86.Build.0 = Debug|Win32
		{EC5876BE-E156-4C42-AF21-7E35A5FA7516}.Release|x64.ActiveCfg = Release|x64
		{EC5876BE-E156-4C42-AF21-7E35A5FA7516}.Release|x64.Build.0 = Release|x64
		{EC5876BE-E156-4C42-AF21-7E35A5FA7516}.Release|x86.ActiveCfg = Release|Win32
		{EC5876BE-E156-4C42-AF21-7E35A5FA7516}.Release|x86.Build.0 = Release|Win32
		{70EC3D80-9489-4983-87F7-B20DF5519880}.Debug|x64.ActiveCfg = Debug|x64
		{70EC3D80-9489-4983-87F7-B20DF5519880}.Debug|x64.Build.0 = Debug|x64
		{70EC3D80-9489-4983-87F7-B20DF5519880}.Debug|x86.ActiveCfg = Debug|Win32
		{70EC3D80-9489-4983-87F7-B20DF5519880}.Debug|x86.Build.0 = Debug|Win32
		{70EC3D80-9489-4983-87F7-B20DF5519880}.Release|x64.ActiveCfg = Release|x64
		{70EC3D80-9489-4983-87F7-B20DF5519880}.Release|x64.Build.0 = Release|x64
		{70EC3D80-9489-4983-87F7-B20DF5519880}.Release|x86.ActiveCfg = Release|Win32
		{70EC3D80-9489-4983-87F7-B20DF5519880}.Release|x86.Build.0 = Release|Win32
		{6C331298-55BF-4249-980C-1471400BEE0F}.Debug|x64.ActiveCfg = Debug|x64
		{6C331298-55BF-4249-980C-1471400BEE0F}.Debug|x64.Build.0 = Debug|x64
		{6C331298-55BF-4249-980C-1471400BEE0F}.Debug|x86.ActiveCfg = Debug|Win32
		{6C331298-55BF-4249-980C-1471400BEE0F}.Debug|x86.Build.0 = Debug|Win32
		{6C331298-55BF-4249-980C-1471400BEE0F}.Release|x64.ActiveCfg = Release|x64
		{6C331298-55BF-4249-980C-1471400BEE0F}.Release|x64.Build.0 = Release|x64
		{6C331298-55BF-4249-980C-1471400BEE0F}.Release|x86.ActiveCfg = Release|Win32
		{6C331298-55BF-4249-980C-1471400BEE0F}.Release|x86.Build.0 = Release|Win32
		{531A80AF-5F75-47CD-AD11-E0392FE0CDE0}.Debug|x64.ActiveCfg = Debug|x64
		{531A80AF-5F75-47CD-AD11-E0392FE0CDE0}.Debug|x64.Build.0 = Debug|x64
		{531A80AF-5F75-47CD-AD11-E0392FE0CDE0}.Debug|x86.ActiveCfg = Debug|Win32
		{531A80AF-5F75-47CD-AD11-E0392FE0CDE0}.Debug|x86.Build.0 = Debug|Win32
		{531A80AF-5F75-47CD-AD11-E0392FE0CDE0}.Release|x64.ActiveCfg = Release|x64
		{531A80AF-5F75-47CD-AD11-E0392FE0CDE0}.Release|x64.Build.0 = Release|x64
		{531A80AF-5F75-47CD-AD11-E0392FE0CDE0}.Release|x86.ActiveCfg = Release|Win32
		{531A80AF-5F75-47CD-AD11-E0392FE0CDE0}.Release|x86.Build.0 = Release|Win32
		{9C3726B9-7EC2-4361-B6FB-19C1EEDF3E92}.Debug|x64.ActiveCfg = Debug|x64
		{9C3726B9-7EC2-4361-B6FB-19C1EEDF3E92}.Debug|x64.Build.0 = Debug|x64
		{9C3726B9-7EC2-4361-B6FB-19C1EEDF3E92}.Debug|x86.ActiveCfg = Debug|Win32
		{9C3726B9-7EC2-4361-B6FB-19C1EEDF3E92}.Debug|x86.Build.0 = Debug|Win32
		{9C3726B9-7EC2-4361-B6FB-19C1EEDF3E92}.Release|x64.ActiveCfg = Release|x64
		{9C3726B9-7EC2-4361-B6FB-19C1EEDF3E92}.Release|x64.Build.0 = Release|x64
		{9C3726B9-7EC2-4361-B6FB-19C1EEDF3E92}.Release|x86.ActiveCfg = Release|Win32
		{9C3726B9-7EC2-4361-B6FB-19C1EEDF3E92}.Release|x86.Build.0 = Release|Win32
		{0D2CA533-EC18-47C1-9033-FF593CD6E9E5}.Debug|x64.ActiveCfg = Debug|x64
		{0D2CA533-EC18-47C1-9033-FF593CD6E9E5}.Debug|x64.Build.0 = Debug|x64
		{0D2CA533-EC18-47C1-9033-FF593CD6E9E5}.Debug|x86.ActiveCfg = Debug|Win32
		{0D2CA533-EC18-47C1-9033-FF593CD6E9E5}.Debug|x86.Build.0 = Debug|Win32
		{0D2CA533-EC18-47C1-9033-FF593CD6E9E5}.Release|x64.ActiveCfg = Release|x64
		{0D2CA533-EC18-47C1-9033-FF593CD6E9E5}.Release|x64.Build.0 = Release|x64
		{0D2CA533-EC18-47C1-9033-FF593CD6E9E5}.Release|x86.ActiveCfg = Release|Win32
		{0D2CA533-EC18-47C1-9033-FF593CD6E9E5}.Release|x86.Build.0 = Release|Win32
		{CE476AAE-BA9D-4084-8DDA-7A1FBE7EC75F}.Debug|x64.ActiveCfg = Debug|x64
		{CE476AAE-BA9D-4084-8DDA-7A1FBE7EC75F}.Debug|x64.Build.0 = Debug|x64
		{CE476AAE-BA9D-4084-8DDA-7A1FBE7EC75F}.Debug|x86.ActiveCfg = Debug|Win32
		{CE476AAE-BA9D-4084-8DDA-7A1FBE7EC75F}.Debug|x86.Build.0 = Debug|Win32
		{CE476AAE-BA9D-4084-8DDA-7A1FBE7EC75F}.Release|x64.ActiveCfg = Release|x64
		{CE476AAE-BA9D-4084-8DDA-7A1FBE7EC75F}.Release|x64.Build.0 = Release|x64
		{CE476AAE-BA9D-4084-8DDA-7A1FBE7EC75F}.Release|x86.ActiveCfg = Release|Win32
		{CE476AAE-BA9D-4084-8DDA-7A1FBE7EC75F}.Release|x86.Build.0 = Release|Win32
		{316805FF-63F7-4841-8AC9-759AC48DFFD9}.Debug|x64.ActiveCfg = Debug|x64
		{316805FF-63F7-4841-8AC9-759AC48DFFD9}.Debug|x64.Build.0 = Debug|x64
		{316805FF-63F7-4841-8AC9-759AC48DFFD9}.Debug|x86.ActiveCfg = Debug|Win32
		{316805FF-63F7-4841-8AC9-759AC48DFFD9}.Debug|x86.Build.0 = Debug|Win32
		{316805FF-63F7-4841-8AC9-759AC48DFFD9}.Release|x64.ActiveCfg = Release|x64
		{316805FF-63F7-4841-8AC9-759AC48DFFD9}.Release|x64.Build.0 = Release|x64
		{316805FF-63F7-4841-8AC9-759AC48DFFD9}.Release|x86.ActiveCfg = Release|Win32
		{316805FF-63F7-4841-8AC9-759AC48DFFD9}.Release|x86.Build.0 = Release|Win32
		{ACBDD40C-D664-4D59-8D50-245C80686075}.Debug|x64.ActiveCfg = Debug|x64
		{ACBDD40C-D664-4D59-8D50-245C80686075}.Debug|x64.Build.0 = Debug|x64
		{ACBDD40C-D664-4D59-8D50-245C80686075}.Debug|x86.ActiveCfg = Debug|Win32
		{ACBDD40C-D664-4D59-8D50-245C80686075}.Debug|x86.Build.0 = Debug|Win32
		{ACBDD40C-D664-4D59-8D50-245C80686075}.Release|x64.ActiveCfg = Release|x64
		{ACBDD40C-D664-4D59-8D50-245C80686075}.Release|x64.Build.0 = Release|x64
		{ACBDD40C-D664-4D59-8D50-245C80686075}.Release|x86.ActiveCfg = Release|Win32
		{ACBDD40C-D664-4D59-8D50-245C80686075}.Release|x86.Build.0 = Release|Win32
		{425A47EE-6246-43A2-AAD0-8084A1EE8A38}.Debug|x64.ActiveCfg = Debug|x64
		{425A47EE-6246-43A2-AAD0-8084A1EE8A38}.Debug|x64.Build.0 = Debug|x64
		{425A47EE-6246-43A2-AAD0-8084A1EE8A38}.Debug|x86.ActiveCfg = Debug|Win32
		{425A47EE-6246-43A2-AAD0-8084A1EE8A38}.Debug|x86.Build.0 = Debug|Win32
		{425A47EE-6246-43A2-AAD0-8084A1EE8A38}.Release|x64.ActiveCfg = Release|x64
		{425A47EE-6246-43A2-AAD0-8084A1EE8A38}.Release|x64.Build.0 = Release|x64
		{425A47EE-6246-43A2-AAD0-8084A1EE8A38}.Release|x86.ActiveCfg = Release|Win32
		{425A47EE-6246-43A2-AAD0-8084A1EE8A38}.Release|x86.Build.0 = Release|Win32
		{B9CAF8D8-2993-4323-AC65-38630A49910E}.Debug|x64.ActiveCfg = Debug|x64
		{B9CAF8D8-2993-4323-AC65-38630A49910E}.Debug|x64.Build.0 = Debug|x64
		{B9CAF8D8-2993-4323-AC65-38630A49910E}.Debug|x86.ActiveCfg = Debug|Win32
		{B9CAF8D8-2993-4323-AC65-38630A49910E}.Debug|x86.Build.0 = Debug|Win32
		{B9CAF8D8-2993-4323-AC65-38630A49910E}.Release|x64.ActiveCfg = Release|x64
		{B9CAF8D8-2993-4323-AC65-38630A49910E}.Release|x64.Build.0 = Release|x64
		{B9CAF8D8-2993-4323-AC65-38630A49910E}.Release|x86.ActiveCfg = Release|Win32
		{B9CAF8D8-2993-4323-AC65-38630A49910E}.Release|x86.Build.0 = Release|Win32
		{506A2B69-0215-419A-AFB6-ABDDEF183444}.Debug|x64.ActiveCfg = Debug|x64
		{506A2B69-0215-419A-AFB6-ABDDEF183444}.Debug|x64.Build.0 = Debug|x64
		{506A2B69-0215-419A-AFB6-ABDDEF183444}.Debug|x86.ActiveCfg = Debug|Win32
		{506A2B69-0215-419A-AFB6-ABDDEF183444}.Debug|x86.Build.0 = Debug|Win32
		{506A2B69-0215-419A-AFB6-ABDDEF183444}.Release|x64.ActiveCfg = Release|x64
		{506A2B69-0215-419A-AFB6-ABDDEF183444}.Release|x64.Build.0 = Release|x64
		{506A2B69-0215-419A-AFB6-ABDDEF183444}.Release|x86.ActiveCfg = Release|Win32
		{506A2B69-0215-419A-AFB6-ABDDEF183444}.Release|x86.Build.0 = Release|Win32
		{807A0A1B-E9ED-40CB-A13D-F7C947C82B19}.Debug|x64.ActiveCfg = Debug|x64
		{807A0A1B-E9ED-40CB-A13D-F7C947C82B19}.Debug|x64.Build.0 = Debug|x64
		{807A0A1B-E9ED-40CB-A13D-F7C947C82B19}.Debug|x86.ActiveCfg = Debug|Win32
		{807A0A1B-E9ED-40CB-A13D-F7C947C82B19}.Debug|x86.Build.0 = Debug|Win32
		{807A0A1B-E9ED-40CB-A13D-F7C947C82B19}.Release|x64.ActiveCfg = Release|x64
		{807A0A1B-E9ED-40CB-A13D-F7C947C82B19}.Release|x64.Build.0 = Release|x64
		{807A0A1B-E9ED-40CB-A13D-F7C947C82B19}.Release|x86.ActiveCfg = Release|Win32
		{807A0A1B-E9ED-40CB-A13D-F7C947C82B19}.Release|x86.Build.0 = Release|Win32
	EndGlobalSection
	GlobalSection(SolutionProperties) = preSolution
		HideSolutionNode = FALSE
	EndGlobalSection
EndGlobal
